// !$*UTF8*$!
{
	archiveVersion = 1;
	classes = {
	};
	objectVersion = 55;
	objects = {

/* Begin PBXBuildFile section */
		0037E332284252010009D0B2 /* NSArray+ObjectiveSugar.m in Sources */ = {isa = PBXBuildFile; fileRef = 0037E326284252010009D0B2 /* NSArray+ObjectiveSugar.m */; };
		0037E333284252010009D0B2 /* NSString+ObjectiveSugar.m in Sources */ = {isa = PBXBuildFile; fileRef = 0037E329284252010009D0B2 /* NSString+ObjectiveSugar.m */; };
		0037E334284252010009D0B2 /* NSMutableArray+ObjectiveSugar.m in Sources */ = {isa = PBXBuildFile; fileRef = 0037E32B284252010009D0B2 /* NSMutableArray+ObjectiveSugar.m */; };
		0037E335284252010009D0B2 /* NSDictionary+ObjectiveSugar.m in Sources */ = {isa = PBXBuildFile; fileRef = 0037E32D284252010009D0B2 /* NSDictionary+ObjectiveSugar.m */; };
		0037E336284252010009D0B2 /* NSNumber+ObjectiveSugar.m in Sources */ = {isa = PBXBuildFile; fileRef = 0037E330284252010009D0B2 /* NSNumber+ObjectiveSugar.m */; };
		0037E337284252010009D0B2 /* NSSet+ObjectiveSugar.m in Sources */ = {isa = PBXBuildFile; fileRef = 0037E331284252010009D0B2 /* NSSet+ObjectiveSugar.m */; };
		0037E339284259200009D0B2 /* Serializer.swift in Sources */ = {isa = PBXBuildFile; fileRef = 0037E338284259200009D0B2 /* Serializer.swift */; };
		009BE46F284012480010A15F /* HealthKit.framework in Frameworks */ = {isa = PBXBuildFile; fileRef = 009BE46E284012480010A15F /* HealthKit.framework */; };
		009BE4732840F9330010A15F /* ErrorHandling.swift in Sources */ = {isa = PBXBuildFile; fileRef = 009BE4722840F9330010A15F /* ErrorHandling.swift */; };
		009BE4752840F9C30010A15F /* Notifications.swift in Sources */ = {isa = PBXBuildFile; fileRef = 009BE4742840F9C30010A15F /* Notifications.swift */; };
		009BE4772840FA630010A15F /* Sentry in Frameworks */ = {isa = PBXBuildFile; productRef = 009BE4762840FA630010A15F /* Sentry */; };
		009BE4792840FF210010A15F /* WorkouFactory.swift in Sources */ = {isa = PBXBuildFile; fileRef = 009BE4782840FF210010A15F /* WorkouFactory.swift */; };
		00A2AB8D28424BED009CC484 /* Sentry in Frameworks */ = {isa = PBXBuildFile; productRef = 009BE4712840F80E0010A15F /* Sentry */; };
		00A2AB9C28424F93009CC484 /* OMHError.m in Sources */ = {isa = PBXBuildFile; fileRef = 00A2AB9628424F93009CC484 /* OMHError.m */; };
		00A2AB9D28424F93009CC484 /* NSDate+RFC3339.m in Sources */ = {isa = PBXBuildFile; fileRef = 00A2AB9728424F93009CC484 /* NSDate+RFC3339.m */; };
		00A2AB9E28424F93009CC484 /* OMHHealthKitConstantsMapper.m in Sources */ = {isa = PBXBuildFile; fileRef = 00A2AB9828424F93009CC484 /* OMHHealthKitConstantsMapper.m */; };
		00A2AB9F28424F93009CC484 /* OMHSerializer.m in Sources */ = {isa = PBXBuildFile; fileRef = 00A2AB9B28424F93009CC484 /* OMHSerializer.m */; };
		00A2ABAF28424FBF009CC484 /* (null) in Sources */ = {isa = PBXBuildFile; };
		00A2ABB028424FBF009CC484 /* (null) in Sources */ = {isa = PBXBuildFile; };
		00A2ABB128424FBF009CC484 /* (null) in Sources */ = {isa = PBXBuildFile; };
		00A2ABB228424FBF009CC484 /* (null) in Sources */ = {isa = PBXBuildFile; };
		00A2ABB328424FBF009CC484 /* (null) in Sources */ = {isa = PBXBuildFile; };
		00A2ABB428424FBF009CC484 /* (null) in Sources */ = {isa = PBXBuildFile; };
		00A5DCDE283FD26500147766 /* SessionList.swift in Sources */ = {isa = PBXBuildFile; fileRef = 00A5DCDD283FD26500147766 /* SessionList.swift */; };
		00A5DCE0283FD2E500147766 /* SessionDetail.swift in Sources */ = {isa = PBXBuildFile; fileRef = 00A5DCDF283FD2E500147766 /* SessionDetail.swift */; };
		00A5DCE2283FD4E600147766 /* SessionRow.swift in Sources */ = {isa = PBXBuildFile; fileRef = 00A5DCE1283FD4E600147766 /* SessionRow.swift */; };
		00A5DCE8283FE2A300147766 /* BackgroundService.swift in Sources */ = {isa = PBXBuildFile; fileRef = 00A5DCE7283FE2A300147766 /* BackgroundService.swift */; };
		00A5DCEA283FE5CD00147766 /* BackgroundWorker.swift in Sources */ = {isa = PBXBuildFile; fileRef = 00A5DCE9283FE5CD00147766 /* BackgroundWorker.swift */; };
		00A5DCEC283FE5EF00147766 /* ExtensionDelegate.swift in Sources */ = {isa = PBXBuildFile; fileRef = 00A5DCEB283FE5EF00147766 /* ExtensionDelegate.swift */; };
		00A5DCEE283FE64C00147766 /* UrlDownloader.swift in Sources */ = {isa = PBXBuildFile; fileRef = 00A5DCED283FE64C00147766 /* UrlDownloader.swift */; };
		00B046A1283FC2EF00C95D9A /* Adiona.app in Embed Watch Content */ = {isa = PBXBuildFile; fileRef = 00B046A0283FC2EF00C95D9A /* Adiona.app */; settings = {ATTRIBUTES = (RemoveHeadersOnCopy, ); }; };
		00B046A6283FC2F000C95D9A /* Assets.xcassets in Resources */ = {isa = PBXBuildFile; fileRef = 00B046A5283FC2F000C95D9A /* Assets.xcassets */; };
		00B046AC283FC2F000C95D9A /* Adiona WatchKit Extension.appex in Embed App Extensions */ = {isa = PBXBuildFile; fileRef = 00B046AB283FC2F000C95D9A /* Adiona WatchKit Extension.appex */; settings = {ATTRIBUTES = (RemoveHeadersOnCopy, ); }; };
		00B046B1283FC2F000C95D9A /* ContentView.swift in Sources */ = {isa = PBXBuildFile; fileRef = 00B046B0283FC2F000C95D9A /* ContentView.swift */; };
		00B046B3283FC2F000C95D9A /* AdionaApp.swift in Sources */ = {isa = PBXBuildFile; fileRef = 00B046B2283FC2F000C95D9A /* AdionaApp.swift */; };
		00B046B5283FC2F000C95D9A /* ComplicationController.swift in Sources */ = {isa = PBXBuildFile; fileRef = 00B046B4283FC2F000C95D9A /* ComplicationController.swift */; };
		00B046B7283FC2F000C95D9A /* Assets.xcassets in Resources */ = {isa = PBXBuildFile; fileRef = 00B046B6283FC2F000C95D9A /* Assets.xcassets */; };
		00B046BA283FC2F000C95D9A /* Preview Assets.xcassets in Resources */ = {isa = PBXBuildFile; fileRef = 00B046B9283FC2F000C95D9A /* Preview Assets.xcassets */; };
		00B046C5283FC2F100C95D9A /* AdionaTests.swift in Sources */ = {isa = PBXBuildFile; fileRef = 00B046C4283FC2F100C95D9A /* AdionaTests.swift */; };
		00B046E6283FC36500C95D9A /* ComplicationViews.swift in Sources */ = {isa = PBXBuildFile; fileRef = 00B046E5283FC36500C95D9A /* ComplicationViews.swift */; };
		00B046EA283FC39300C95D9A /* UIImage+Lozenge.swift in Sources */ = {isa = PBXBuildFile; fileRef = 00B046E8283FC39300C95D9A /* UIImage+Lozenge.swift */; };
		00B046EB283FC39300C95D9A /* UIColor+Hex.swift in Sources */ = {isa = PBXBuildFile; fileRef = 00B046E9283FC39300C95D9A /* UIColor+Hex.swift */; };
		00B046F0283FC3B500C95D9A /* SessionData.swift in Sources */ = {isa = PBXBuildFile; fileRef = 00B046EE283FC3B500C95D9A /* SessionData.swift */; };
		00B046F1283FC3B500C95D9A /* Session.swift in Sources */ = {isa = PBXBuildFile; fileRef = 00B046EF283FC3B500C95D9A /* Session.swift */; };
/* End PBXBuildFile section */

/* Begin PBXContainerItemProxy section */
		00B046A2283FC2EF00C95D9A /* PBXContainerItemProxy */ = {
			isa = PBXContainerItemProxy;
			containerPortal = 00B04696283FC2EF00C95D9A /* Project object */;
			proxyType = 1;
			remoteGlobalIDString = 00B0469F283FC2EF00C95D9A;
			remoteInfo = "Adiona WatchKit App";
		};
		00B046AD283FC2F000C95D9A /* PBXContainerItemProxy */ = {
			isa = PBXContainerItemProxy;
			containerPortal = 00B04696283FC2EF00C95D9A /* Project object */;
			proxyType = 1;
			remoteGlobalIDString = 00B046AA283FC2F000C95D9A;
			remoteInfo = "Adiona WatchKit Extension";
		};
		00B046C1283FC2F100C95D9A /* PBXContainerItemProxy */ = {
			isa = PBXContainerItemProxy;
			containerPortal = 00B04696283FC2EF00C95D9A /* Project object */;
			proxyType = 1;
			remoteGlobalIDString = 00B046AA283FC2F000C95D9A;
			remoteInfo = "Adiona WatchKit Extension";
		};
/* End PBXContainerItemProxy section */

/* Begin PBXCopyFilesBuildPhase section */
		00B046D7283FC2F100C95D9A /* Embed App Extensions */ = {
			isa = PBXCopyFilesBuildPhase;
			buildActionMask = 2147483647;
			dstPath = "";
			dstSubfolderSpec = 13;
			files = (
				00B046AC283FC2F000C95D9A /* Adiona WatchKit Extension.appex in Embed App Extensions */,
			);
			name = "Embed App Extensions";
			runOnlyForDeploymentPostprocessing = 0;
		};
		00B046DB283FC2F100C95D9A /* Embed Watch Content */ = {
			isa = PBXCopyFilesBuildPhase;
			buildActionMask = 2147483647;
			dstPath = "$(CONTENTS_FOLDER_PATH)/Watch";
			dstSubfolderSpec = 16;
			files = (
				00B046A1283FC2EF00C95D9A /* Adiona.app in Embed Watch Content */,
			);
			name = "Embed Watch Content";
			runOnlyForDeploymentPostprocessing = 0;
		};
/* End PBXCopyFilesBuildPhase section */

/* Begin PBXFileReference section */
		0037E325284252010009D0B2 /* NSSet+ObjectiveSugar.h */ = {isa = PBXFileReference; fileEncoding = 4; lastKnownFileType = sourcecode.c.h; path = "NSSet+ObjectiveSugar.h"; sourceTree = "<group>"; };
		0037E326284252010009D0B2 /* NSArray+ObjectiveSugar.m */ = {isa = PBXFileReference; fileEncoding = 4; lastKnownFileType = sourcecode.c.objc; path = "NSArray+ObjectiveSugar.m"; sourceTree = "<group>"; };
		0037E327284252010009D0B2 /* NSString+ObjectiveSugar.h */ = {isa = PBXFileReference; fileEncoding = 4; lastKnownFileType = sourcecode.c.h; path = "NSString+ObjectiveSugar.h"; sourceTree = "<group>"; };
		0037E328284252010009D0B2 /* NSArray+ObjectiveSugar.h */ = {isa = PBXFileReference; fileEncoding = 4; lastKnownFileType = sourcecode.c.h; path = "NSArray+ObjectiveSugar.h"; sourceTree = "<group>"; };
		0037E329284252010009D0B2 /* NSString+ObjectiveSugar.m */ = {isa = PBXFileReference; fileEncoding = 4; lastKnownFileType = sourcecode.c.objc; path = "NSString+ObjectiveSugar.m"; sourceTree = "<group>"; };
		0037E32A284252010009D0B2 /* NSDictionary+ObjectiveSugar.h */ = {isa = PBXFileReference; fileEncoding = 4; lastKnownFileType = sourcecode.c.h; path = "NSDictionary+ObjectiveSugar.h"; sourceTree = "<group>"; };
		0037E32B284252010009D0B2 /* NSMutableArray+ObjectiveSugar.m */ = {isa = PBXFileReference; fileEncoding = 4; lastKnownFileType = sourcecode.c.objc; path = "NSMutableArray+ObjectiveSugar.m"; sourceTree = "<group>"; };
		0037E32C284252010009D0B2 /* NSMutableArray+ObjectiveSugar.h */ = {isa = PBXFileReference; fileEncoding = 4; lastKnownFileType = sourcecode.c.h; path = "NSMutableArray+ObjectiveSugar.h"; sourceTree = "<group>"; };
		0037E32D284252010009D0B2 /* NSDictionary+ObjectiveSugar.m */ = {isa = PBXFileReference; fileEncoding = 4; lastKnownFileType = sourcecode.c.objc; path = "NSDictionary+ObjectiveSugar.m"; sourceTree = "<group>"; };
		0037E32E284252010009D0B2 /* NSNumber+ObjectiveSugar.h */ = {isa = PBXFileReference; fileEncoding = 4; lastKnownFileType = sourcecode.c.h; path = "NSNumber+ObjectiveSugar.h"; sourceTree = "<group>"; };
		0037E32F284252010009D0B2 /* ObjectiveSugar.h */ = {isa = PBXFileReference; fileEncoding = 4; lastKnownFileType = sourcecode.c.h; path = ObjectiveSugar.h; sourceTree = "<group>"; };
		0037E330284252010009D0B2 /* NSNumber+ObjectiveSugar.m */ = {isa = PBXFileReference; fileEncoding = 4; lastKnownFileType = sourcecode.c.objc; path = "NSNumber+ObjectiveSugar.m"; sourceTree = "<group>"; };
		0037E331284252010009D0B2 /* NSSet+ObjectiveSugar.m */ = {isa = PBXFileReference; fileEncoding = 4; lastKnownFileType = sourcecode.c.objc; path = "NSSet+ObjectiveSugar.m"; sourceTree = "<group>"; };
		0037E338284259200009D0B2 /* Serializer.swift */ = {isa = PBXFileReference; lastKnownFileType = sourcecode.swift; path = Serializer.swift; sourceTree = "<group>"; };
		009BE46C284012480010A15F /* Adiona WatchKit Extension.entitlements */ = {isa = PBXFileReference; lastKnownFileType = text.plist.entitlements; path = "Adiona WatchKit Extension.entitlements"; sourceTree = "<group>"; };
		009BE46E284012480010A15F /* HealthKit.framework */ = {isa = PBXFileReference; lastKnownFileType = wrapper.framework; name = HealthKit.framework; path = Platforms/WatchOS.platform/Developer/SDKs/WatchOS8.5.sdk/System/Library/Frameworks/HealthKit.framework; sourceTree = DEVELOPER_DIR; };
		009BE4722840F9330010A15F /* ErrorHandling.swift */ = {isa = PBXFileReference; lastKnownFileType = sourcecode.swift; path = ErrorHandling.swift; sourceTree = "<group>"; };
		009BE4742840F9C30010A15F /* Notifications.swift */ = {isa = PBXFileReference; lastKnownFileType = sourcecode.swift; path = Notifications.swift; sourceTree = "<group>"; };
		009BE4782840FF210010A15F /* WorkouFactory.swift */ = {isa = PBXFileReference; lastKnownFileType = sourcecode.swift; path = WorkouFactory.swift; sourceTree = "<group>"; };
		00A2AB8E28424C7B009CC484 /* Adiona WatchKit Extension-Bridging-Header.h */ = {isa = PBXFileReference; lastKnownFileType = sourcecode.c.h; path = "Adiona WatchKit Extension-Bridging-Header.h"; sourceTree = "<group>"; };
		00A2AB9128424DB6009CC484 /* Granola.framework */ = {isa = PBXFileReference; explicitFileType = wrapper.framework; path = Granola.framework; sourceTree = BUILT_PRODUCTS_DIR; };
		00A2AB9428424F93009CC484 /* OMHError.h */ = {isa = PBXFileReference; fileEncoding = 4; lastKnownFileType = sourcecode.c.h; name = OMHError.h; path = "Adiona WatchKit Extension/Serializer/Granola/OMHError.h"; sourceTree = SOURCE_ROOT; };
		00A2AB9528424F93009CC484 /* NSDate+RFC3339.h */ = {isa = PBXFileReference; fileEncoding = 4; lastKnownFileType = sourcecode.c.h; name = "NSDate+RFC3339.h"; path = "Adiona WatchKit Extension/Serializer/Granola/NSDate+RFC3339.h"; sourceTree = SOURCE_ROOT; };
		00A2AB9628424F93009CC484 /* OMHError.m */ = {isa = PBXFileReference; fileEncoding = 4; lastKnownFileType = sourcecode.c.objc; name = OMHError.m; path = "Adiona WatchKit Extension/Serializer/Granola/OMHError.m"; sourceTree = SOURCE_ROOT; };
		00A2AB9728424F93009CC484 /* NSDate+RFC3339.m */ = {isa = PBXFileReference; fileEncoding = 4; lastKnownFileType = sourcecode.c.objc; name = "NSDate+RFC3339.m"; path = "Adiona WatchKit Extension/Serializer/Granola/NSDate+RFC3339.m"; sourceTree = SOURCE_ROOT; };
		00A2AB9828424F93009CC484 /* OMHHealthKitConstantsMapper.m */ = {isa = PBXFileReference; fileEncoding = 4; lastKnownFileType = sourcecode.c.objc; name = OMHHealthKitConstantsMapper.m; path = "Adiona WatchKit Extension/Serializer/Granola/OMHHealthKitConstantsMapper.m"; sourceTree = SOURCE_ROOT; };
		00A2AB9928424F93009CC484 /* OMHHealthKitConstantsMapper.h */ = {isa = PBXFileReference; fileEncoding = 4; lastKnownFileType = sourcecode.c.h; name = OMHHealthKitConstantsMapper.h; path = "Adiona WatchKit Extension/Serializer/Granola/OMHHealthKitConstantsMapper.h"; sourceTree = SOURCE_ROOT; };
		00A2AB9A28424F93009CC484 /* OMHSerializer.h */ = {isa = PBXFileReference; fileEncoding = 4; lastKnownFileType = sourcecode.c.h; name = OMHSerializer.h; path = "Adiona WatchKit Extension/Serializer/Granola/OMHSerializer.h"; sourceTree = SOURCE_ROOT; };
		00A2AB9B28424F93009CC484 /* OMHSerializer.m */ = {isa = PBXFileReference; fileEncoding = 4; lastKnownFileType = sourcecode.c.objc; name = OMHSerializer.m; path = "Adiona WatchKit Extension/Serializer/Granola/OMHSerializer.m"; sourceTree = SOURCE_ROOT; };
		00A5DCDD283FD26500147766 /* SessionList.swift */ = {isa = PBXFileReference; lastKnownFileType = sourcecode.swift; path = SessionList.swift; sourceTree = "<group>"; };
		00A5DCDF283FD2E500147766 /* SessionDetail.swift */ = {isa = PBXFileReference; lastKnownFileType = sourcecode.swift; path = SessionDetail.swift; sourceTree = "<group>"; };
		00A5DCE1283FD4E600147766 /* SessionRow.swift */ = {isa = PBXFileReference; lastKnownFileType = sourcecode.swift; path = SessionRow.swift; sourceTree = "<group>"; };
		00A5DCE7283FE2A300147766 /* BackgroundService.swift */ = {isa = PBXFileReference; lastKnownFileType = sourcecode.swift; path = BackgroundService.swift; sourceTree = "<group>"; };
		00A5DCE9283FE5CD00147766 /* BackgroundWorker.swift */ = {isa = PBXFileReference; fileEncoding = 4; lastKnownFileType = sourcecode.swift; path = BackgroundWorker.swift; sourceTree = "<group>"; };
		00A5DCEB283FE5EF00147766 /* ExtensionDelegate.swift */ = {isa = PBXFileReference; fileEncoding = 4; lastKnownFileType = sourcecode.swift; path = ExtensionDelegate.swift; sourceTree = "<group>"; };
		00A5DCED283FE64C00147766 /* UrlDownloader.swift */ = {isa = PBXFileReference; fileEncoding = 4; lastKnownFileType = sourcecode.swift; path = UrlDownloader.swift; sourceTree = "<group>"; };
		00B0469C283FC2EF00C95D9A /* Adiona.app */ = {isa = PBXFileReference; explicitFileType = wrapper.application; includeInIndex = 0; path = Adiona.app; sourceTree = BUILT_PRODUCTS_DIR; };
		00B046A0283FC2EF00C95D9A /* Adiona.app */ = {isa = PBXFileReference; explicitFileType = wrapper.application; includeInIndex = 0; path = Adiona.app; sourceTree = BUILT_PRODUCTS_DIR; };
		00B046A5283FC2F000C95D9A /* Assets.xcassets */ = {isa = PBXFileReference; lastKnownFileType = folder.assetcatalog; path = Assets.xcassets; sourceTree = "<group>"; };
		00B046AB283FC2F000C95D9A /* Adiona WatchKit Extension.appex */ = {isa = PBXFileReference; explicitFileType = "wrapper.app-extension"; includeInIndex = 0; path = "Adiona WatchKit Extension.appex"; sourceTree = BUILT_PRODUCTS_DIR; };
		00B046B0283FC2F000C95D9A /* ContentView.swift */ = {isa = PBXFileReference; lastKnownFileType = sourcecode.swift; path = ContentView.swift; sourceTree = "<group>"; };
		00B046B2283FC2F000C95D9A /* AdionaApp.swift */ = {isa = PBXFileReference; lastKnownFileType = sourcecode.swift; path = AdionaApp.swift; sourceTree = "<group>"; };
		00B046B4283FC2F000C95D9A /* ComplicationController.swift */ = {isa = PBXFileReference; lastKnownFileType = sourcecode.swift; path = ComplicationController.swift; sourceTree = "<group>"; };
		00B046B6283FC2F000C95D9A /* Assets.xcassets */ = {isa = PBXFileReference; lastKnownFileType = folder.assetcatalog; path = Assets.xcassets; sourceTree = "<group>"; };
		00B046B9283FC2F000C95D9A /* Preview Assets.xcassets */ = {isa = PBXFileReference; lastKnownFileType = folder.assetcatalog; path = "Preview Assets.xcassets"; sourceTree = "<group>"; };
		00B046BB283FC2F000C95D9A /* Info.plist */ = {isa = PBXFileReference; lastKnownFileType = text.plist.xml; path = Info.plist; sourceTree = "<group>"; };
		00B046C0283FC2F100C95D9A /* AdionaTests.xctest */ = {isa = PBXFileReference; explicitFileType = wrapper.cfbundle; includeInIndex = 0; path = AdionaTests.xctest; sourceTree = BUILT_PRODUCTS_DIR; };
		00B046C4283FC2F100C95D9A /* AdionaTests.swift */ = {isa = PBXFileReference; lastKnownFileType = sourcecode.swift; path = AdionaTests.swift; sourceTree = "<group>"; };
		00B046E5283FC36500C95D9A /* ComplicationViews.swift */ = {isa = PBXFileReference; fileEncoding = 4; lastKnownFileType = sourcecode.swift; path = ComplicationViews.swift; sourceTree = "<group>"; };
		00B046E8283FC39300C95D9A /* UIImage+Lozenge.swift */ = {isa = PBXFileReference; fileEncoding = 4; lastKnownFileType = sourcecode.swift; path = "UIImage+Lozenge.swift"; sourceTree = "<group>"; };
		00B046E9283FC39300C95D9A /* UIColor+Hex.swift */ = {isa = PBXFileReference; fileEncoding = 4; lastKnownFileType = sourcecode.swift; path = "UIColor+Hex.swift"; sourceTree = "<group>"; };
		00B046EE283FC3B500C95D9A /* SessionData.swift */ = {isa = PBXFileReference; fileEncoding = 4; lastKnownFileType = sourcecode.swift; path = SessionData.swift; sourceTree = "<group>"; };
		00B046EF283FC3B500C95D9A /* Session.swift */ = {isa = PBXFileReference; fileEncoding = 4; lastKnownFileType = sourcecode.swift; path = Session.swift; sourceTree = "<group>"; };
/* End PBXFileReference section */

/* Begin PBXFrameworksBuildPhase section */
		00B046A8283FC2F000C95D9A /* Frameworks */ = {
			isa = PBXFrameworksBuildPhase;
			buildActionMask = 2147483647;
			files = (
				009BE46F284012480010A15F /* HealthKit.framework in Frameworks */,
				009BE4772840FA630010A15F /* Sentry in Frameworks */,
			);
			runOnlyForDeploymentPostprocessing = 0;
		};
		00B046BD283FC2F100C95D9A /* Frameworks */ = {
			isa = PBXFrameworksBuildPhase;
			buildActionMask = 2147483647;
			files = (
			);
			runOnlyForDeploymentPostprocessing = 0;
		};
		D25FF24F7840DAEA8D1D4642 /* Frameworks */ = {
			isa = PBXFrameworksBuildPhase;
			buildActionMask = 2147483647;
			files = (
				00A2AB8D28424BED009CC484 /* Sentry in Frameworks */,
			);
			runOnlyForDeploymentPostprocessing = 0;
		};
/* End PBXFrameworksBuildPhase section */

/* Begin PBXGroup section */
		009BE46D284012480010A15F /* Frameworks */ = {
			isa = PBXGroup;
			children = (
				00A2AB9128424DB6009CC484 /* Granola.framework */,
				009BE46E284012480010A15F /* HealthKit.framework */,
			);
			name = Frameworks;
			sourceTree = "<group>";
		};
		00A2AB9328424F83009CC484 /* Serializer */ = {
			isa = PBXGroup;
			children = (
				0037E338284259200009D0B2 /* Serializer.swift */,
				00A2ABA128424FB0009CC484 /* Objective Sugar */,
				00A2ABA028424FA2009CC484 /* Granola */,
			);
			path = Serializer;
			sourceTree = "<group>";
		};
		00A2ABA028424FA2009CC484 /* Granola */ = {
			isa = PBXGroup;
			children = (
				00A2AB9528424F93009CC484 /* NSDate+RFC3339.h */,
				00A2AB9728424F93009CC484 /* NSDate+RFC3339.m */,
				00A2AB9428424F93009CC484 /* OMHError.h */,
				00A2AB9628424F93009CC484 /* OMHError.m */,
				00A2AB9928424F93009CC484 /* OMHHealthKitConstantsMapper.h */,
				00A2AB9828424F93009CC484 /* OMHHealthKitConstantsMapper.m */,
				00A2AB9A28424F93009CC484 /* OMHSerializer.h */,
				00A2AB9B28424F93009CC484 /* OMHSerializer.m */,
			);
			path = Granola;
			sourceTree = "<group>";
		};
		00A2ABA128424FB0009CC484 /* Objective Sugar */ = {
			isa = PBXGroup;
			children = (
				0037E328284252010009D0B2 /* NSArray+ObjectiveSugar.h */,
				0037E326284252010009D0B2 /* NSArray+ObjectiveSugar.m */,
				0037E32A284252010009D0B2 /* NSDictionary+ObjectiveSugar.h */,
				0037E32D284252010009D0B2 /* NSDictionary+ObjectiveSugar.m */,
				0037E32C284252010009D0B2 /* NSMutableArray+ObjectiveSugar.h */,
				0037E32B284252010009D0B2 /* NSMutableArray+ObjectiveSugar.m */,
				0037E32E284252010009D0B2 /* NSNumber+ObjectiveSugar.h */,
				0037E330284252010009D0B2 /* NSNumber+ObjectiveSugar.m */,
				0037E325284252010009D0B2 /* NSSet+ObjectiveSugar.h */,
				0037E331284252010009D0B2 /* NSSet+ObjectiveSugar.m */,
				0037E327284252010009D0B2 /* NSString+ObjectiveSugar.h */,
				0037E329284252010009D0B2 /* NSString+ObjectiveSugar.m */,
				0037E32F284252010009D0B2 /* ObjectiveSugar.h */,
			);
			path = "Objective Sugar";
			sourceTree = "<group>";
		};
		00A5DCE3283FDD0300147766 /* Views */ = {
			isa = PBXGroup;
			children = (
				00A5DCE5283FDD2700147766 /* Sessions */,
				00A5DCE4283FDD1800147766 /* Complications */,
			);
			path = Views;
			sourceTree = "<group>";
		};
		00A5DCE4283FDD1800147766 /* Complications */ = {
			isa = PBXGroup;
			children = (
				00B046E5283FC36500C95D9A /* ComplicationViews.swift */,
			);
			path = Complications;
			sourceTree = "<group>";
		};
		00A5DCE5283FDD2700147766 /* Sessions */ = {
			isa = PBXGroup;
			children = (
				00B046B0283FC2F000C95D9A /* ContentView.swift */,
				00A5DCDD283FD26500147766 /* SessionList.swift */,
				00A5DCE1283FD4E600147766 /* SessionRow.swift */,
				00A5DCDF283FD2E500147766 /* SessionDetail.swift */,
			);
			path = Sessions;
			sourceTree = "<group>";
		};
		00A5DCE6283FE28B00147766 /* Background Service */ = {
			isa = PBXGroup;
			children = (
				00A5DCE7283FE2A300147766 /* BackgroundService.swift */,
				00A5DCE9283FE5CD00147766 /* BackgroundWorker.swift */,
				00A5DCED283FE64C00147766 /* UrlDownloader.swift */,
			);
			path = "Background Service";
			sourceTree = "<group>";
		};
		00B04695283FC2EF00C95D9A = {
			isa = PBXGroup;
			children = (
				00B046A4283FC2EF00C95D9A /* Adiona WatchKit App */,
				00B046AF283FC2F000C95D9A /* Adiona WatchKit Extension */,
				00B046C3283FC2F100C95D9A /* AdionaTests */,
				00B0469D283FC2EF00C95D9A /* Products */,
				009BE46D284012480010A15F /* Frameworks */,
			);
			sourceTree = "<group>";
		};
		00B0469D283FC2EF00C95D9A /* Products */ = {
			isa = PBXGroup;
			children = (
				00B0469C283FC2EF00C95D9A /* Adiona.app */,
				00B046A0283FC2EF00C95D9A /* Adiona.app */,
				00B046AB283FC2F000C95D9A /* Adiona WatchKit Extension.appex */,
				00B046C0283FC2F100C95D9A /* AdionaTests.xctest */,
			);
			name = Products;
			sourceTree = "<group>";
		};
		00B046A4283FC2EF00C95D9A /* Adiona WatchKit App */ = {
			isa = PBXGroup;
			children = (
				00A5DCE6283FE28B00147766 /* Background Service */,
				00B046ED283FC3AA00C95D9A /* Model */,
				00B046E7283FC37D00C95D9A /* Helpers */,
				00B046A5283FC2F000C95D9A /* Assets.xcassets */,
			);
			path = "Adiona WatchKit App";
			sourceTree = "<group>";
		};
		00B046AF283FC2F000C95D9A /* Adiona WatchKit Extension */ = {
			isa = PBXGroup;
			children = (
				00A2AB9328424F83009CC484 /* Serializer */,
				009BE46C284012480010A15F /* Adiona WatchKit Extension.entitlements */,
				00B046B2283FC2F000C95D9A /* AdionaApp.swift */,
				00A5DCEB283FE5EF00147766 /* ExtensionDelegate.swift */,
				00B046B4283FC2F000C95D9A /* ComplicationController.swift */,
				00A5DCE3283FDD0300147766 /* Views */,
				00B046B6283FC2F000C95D9A /* Assets.xcassets */,
				00B046BB283FC2F000C95D9A /* Info.plist */,
				00A2AB8E28424C7B009CC484 /* Adiona WatchKit Extension-Bridging-Header.h */,
				00B046B8283FC2F000C95D9A /* Preview Content */,
			);
			path = "Adiona WatchKit Extension";
			sourceTree = "<group>";
		};
		00B046B8283FC2F000C95D9A /* Preview Content */ = {
			isa = PBXGroup;
			children = (
				00B046B9283FC2F000C95D9A /* Preview Assets.xcassets */,
			);
			path = "Preview Content";
			sourceTree = "<group>";
		};
		00B046C3283FC2F100C95D9A /* AdionaTests */ = {
			isa = PBXGroup;
			children = (
				00B046C4283FC2F100C95D9A /* AdionaTests.swift */,
			);
			path = AdionaTests;
			sourceTree = "<group>";
		};
		00B046E7283FC37D00C95D9A /* Helpers */ = {
			isa = PBXGroup;
			children = (
				00B046E9283FC39300C95D9A /* UIColor+Hex.swift */,
				00B046E8283FC39300C95D9A /* UIImage+Lozenge.swift */,
				009BE4722840F9330010A15F /* ErrorHandling.swift */,
				009BE4742840F9C30010A15F /* Notifications.swift */,
				009BE4782840FF210010A15F /* WorkouFactory.swift */,
			);
			path = Helpers;
			sourceTree = "<group>";
		};
		00B046ED283FC3AA00C95D9A /* Model */ = {
			isa = PBXGroup;
			children = (
				00B046EF283FC3B500C95D9A /* Session.swift */,
				00B046EE283FC3B500C95D9A /* SessionData.swift */,
			);
			path = Model;
			sourceTree = "<group>";
		};
/* End PBXGroup section */

/* Begin PBXNativeTarget section */
		00B0469B283FC2EF00C95D9A /* Adiona */ = {
			isa = PBXNativeTarget;
			buildConfigurationList = 00B046DC283FC2F100C95D9A /* Build configuration list for PBXNativeTarget "Adiona" */;
			buildPhases = (
				00B0469A283FC2EF00C95D9A /* Resources */,
				00B046DB283FC2F100C95D9A /* Embed Watch Content */,
				D25FF24F7840DAEA8D1D4642 /* Frameworks */,
			);
			buildRules = (
			);
			dependencies = (
				00B046A3283FC2EF00C95D9A /* PBXTargetDependency */,
			);
			name = Adiona;
			packageProductDependencies = (
				009BE4712840F80E0010A15F /* Sentry */,
			);
			productName = Adiona;
			productReference = 00B0469C283FC2EF00C95D9A /* Adiona.app */;
			productType = "com.apple.product-type.application.watchapp2-container";
		};
		00B0469F283FC2EF00C95D9A /* Adiona WatchKit App */ = {
			isa = PBXNativeTarget;
			buildConfigurationList = 00B046D8283FC2F100C95D9A /* Build configuration list for PBXNativeTarget "Adiona WatchKit App" */;
			buildPhases = (
				00B0469E283FC2EF00C95D9A /* Resources */,
				00B046D7283FC2F100C95D9A /* Embed App Extensions */,
			);
			buildRules = (
			);
			dependencies = (
				00B046AE283FC2F000C95D9A /* PBXTargetDependency */,
			);
			name = "Adiona WatchKit App";
			productName = "Adiona WatchKit App";
			productReference = 00B046A0283FC2EF00C95D9A /* Adiona.app */;
			productType = "com.apple.product-type.application.watchapp2";
		};
		00B046AA283FC2F000C95D9A /* Adiona WatchKit Extension */ = {
			isa = PBXNativeTarget;
			buildConfigurationList = 00B046D4283FC2F100C95D9A /* Build configuration list for PBXNativeTarget "Adiona WatchKit Extension" */;
			buildPhases = (
				00B046A7283FC2F000C95D9A /* Sources */,
				00B046A8283FC2F000C95D9A /* Frameworks */,
				00B046A9283FC2F000C95D9A /* Resources */,
			);
			buildRules = (
			);
			dependencies = (
			);
			name = "Adiona WatchKit Extension";
			packageProductDependencies = (
				009BE4762840FA630010A15F /* Sentry */,
			);
			productName = "Adiona WatchKit Extension";
			productReference = 00B046AB283FC2F000C95D9A /* Adiona WatchKit Extension.appex */;
			productType = "com.apple.product-type.watchkit2-extension";
		};
		00B046BF283FC2F100C95D9A /* AdionaTests */ = {
			isa = PBXNativeTarget;
			buildConfigurationList = 00B046DF283FC2F100C95D9A /* Build configuration list for PBXNativeTarget "AdionaTests" */;
			buildPhases = (
				00B046BC283FC2F100C95D9A /* Sources */,
				00B046BD283FC2F100C95D9A /* Frameworks */,
				00B046BE283FC2F100C95D9A /* Resources */,
			);
			buildRules = (
			);
			dependencies = (
				00B046C2283FC2F100C95D9A /* PBXTargetDependency */,
			);
			name = AdionaTests;
			productName = AdionaTests;
			productReference = 00B046C0283FC2F100C95D9A /* AdionaTests.xctest */;
			productType = "com.apple.product-type.bundle.unit-test";
		};
/* End PBXNativeTarget section */

/* Begin PBXProject section */
		00B04696283FC2EF00C95D9A /* Project object */ = {
			isa = PBXProject;
			attributes = {
				BuildIndependentTargetsInParallel = 1;
				LastSwiftUpdateCheck = 1340;
				LastUpgradeCheck = 1340;
				TargetAttributes = {
					00B0469B283FC2EF00C95D9A = {
						CreatedOnToolsVersion = 13.4;
					};
					00B0469F283FC2EF00C95D9A = {
						CreatedOnToolsVersion = 13.4;
					};
					00B046AA283FC2F000C95D9A = {
						CreatedOnToolsVersion = 13.4;
						LastSwiftMigration = 1340;
					};
					00B046BF283FC2F100C95D9A = {
						CreatedOnToolsVersion = 13.4;
						TestTargetID = 00B046AA283FC2F000C95D9A;
					};
				};
			};
			buildConfigurationList = 00B04699283FC2EF00C95D9A /* Build configuration list for PBXProject "Adiona" */;
			compatibilityVersion = "Xcode 13.0";
			developmentRegion = en;
			hasScannedForEncodings = 0;
			knownRegions = (
				en,
				Base,
			);
			mainGroup = 00B04695283FC2EF00C95D9A;
			packageReferences = (
				009BE4702840F80E0010A15F /* XCRemoteSwiftPackageReference "sentry-cocoa" */,
			);
			productRefGroup = 00B0469D283FC2EF00C95D9A /* Products */;
			projectDirPath = "";
			projectRoot = "";
			targets = (
				00B0469B283FC2EF00C95D9A /* Adiona */,
				00B0469F283FC2EF00C95D9A /* Adiona WatchKit App */,
				00B046AA283FC2F000C95D9A /* Adiona WatchKit Extension */,
				00B046BF283FC2F100C95D9A /* AdionaTests */,
			);
		};
/* End PBXProject section */

/* Begin PBXResourcesBuildPhase section */
		00B0469A283FC2EF00C95D9A /* Resources */ = {
			isa = PBXResourcesBuildPhase;
			buildActionMask = 2147483647;
			files = (
			);
			runOnlyForDeploymentPostprocessing = 0;
		};
		00B0469E283FC2EF00C95D9A /* Resources */ = {
			isa = PBXResourcesBuildPhase;
			buildActionMask = 2147483647;
			files = (
				00B046A6283FC2F000C95D9A /* Assets.xcassets in Resources */,
			);
			runOnlyForDeploymentPostprocessing = 0;
		};
		00B046A9283FC2F000C95D9A /* Resources */ = {
			isa = PBXResourcesBuildPhase;
			buildActionMask = 2147483647;
			files = (
				00B046BA283FC2F000C95D9A /* Preview Assets.xcassets in Resources */,
				00B046B7283FC2F000C95D9A /* Assets.xcassets in Resources */,
			);
			runOnlyForDeploymentPostprocessing = 0;
		};
		00B046BE283FC2F100C95D9A /* Resources */ = {
			isa = PBXResourcesBuildPhase;
			buildActionMask = 2147483647;
			files = (
			);
			runOnlyForDeploymentPostprocessing = 0;
		};
/* End PBXResourcesBuildPhase section */

/* Begin PBXSourcesBuildPhase section */
		00B046A7283FC2F000C95D9A /* Sources */ = {
			isa = PBXSourcesBuildPhase;
			buildActionMask = 2147483647;
			files = (
				00A5DCEA283FE5CD00147766 /* BackgroundWorker.swift in Sources */,
				00B046EA283FC39300C95D9A /* UIImage+Lozenge.swift in Sources */,
				00A2ABB228424FBF009CC484 /* (null) in Sources */,
				00A5DCE0283FD2E500147766 /* SessionDetail.swift in Sources */,
				00A2AB9C28424F93009CC484 /* OMHError.m in Sources */,
				00B046B1283FC2F000C95D9A /* ContentView.swift in Sources */,
				00A2ABB328424FBF009CC484 /* (null) in Sources */,
				0037E332284252010009D0B2 /* NSArray+ObjectiveSugar.m in Sources */,
				00A5DCE8283FE2A300147766 /* BackgroundService.swift in Sources */,
				00A2ABB128424FBF009CC484 /* (null) in Sources */,
				00A2AB9D28424F93009CC484 /* NSDate+RFC3339.m in Sources */,
				00A5DCDE283FD26500147766 /* SessionList.swift in Sources */,
				0037E334284252010009D0B2 /* NSMutableArray+ObjectiveSugar.m in Sources */,
				00B046B3283FC2F000C95D9A /* AdionaApp.swift in Sources */,
				00A5DCE2283FD4E600147766 /* SessionRow.swift in Sources */,
				00A5DCEC283FE5EF00147766 /* ExtensionDelegate.swift in Sources */,
				00A5DCEE283FE64C00147766 /* UrlDownloader.swift in Sources */,
				00A2AB9E28424F93009CC484 /* OMHHealthKitConstantsMapper.m in Sources */,
				0037E335284252010009D0B2 /* NSDictionary+ObjectiveSugar.m in Sources */,
				0037E333284252010009D0B2 /* NSString+ObjectiveSugar.m in Sources */,
				0037E337284252010009D0B2 /* NSSet+ObjectiveSugar.m in Sources */,
				0037E336284252010009D0B2 /* NSNumber+ObjectiveSugar.m in Sources */,
				00B046F1283FC3B500C95D9A /* Session.swift in Sources */,
				009BE4792840FF210010A15F /* WorkouFactory.swift in Sources */,
				0037E339284259200009D0B2 /* Serializer.swift in Sources */,
				00B046EB283FC39300C95D9A /* UIColor+Hex.swift in Sources */,
				00B046F0283FC3B500C95D9A /* SessionData.swift in Sources */,
				009BE4752840F9C30010A15F /* Notifications.swift in Sources */,
				009BE4732840F9330010A15F /* ErrorHandling.swift in Sources */,
				00A2ABB028424FBF009CC484 /* (null) in Sources */,
				00A2ABB428424FBF009CC484 /* (null) in Sources */,
				00A2ABAF28424FBF009CC484 /* (null) in Sources */,
				00A2AB9F28424F93009CC484 /* OMHSerializer.m in Sources */,
				00B046E6283FC36500C95D9A /* ComplicationViews.swift in Sources */,
				00B046B5283FC2F000C95D9A /* ComplicationController.swift in Sources */,
			);
			runOnlyForDeploymentPostprocessing = 0;
		};
		00B046BC283FC2F100C95D9A /* Sources */ = {
			isa = PBXSourcesBuildPhase;
			buildActionMask = 2147483647;
			files = (
				00B046C5283FC2F100C95D9A /* AdionaTests.swift in Sources */,
			);
			runOnlyForDeploymentPostprocessing = 0;
		};
/* End PBXSourcesBuildPhase section */

/* Begin PBXTargetDependency section */
		00B046A3283FC2EF00C95D9A /* PBXTargetDependency */ = {
			isa = PBXTargetDependency;
			target = 00B0469F283FC2EF00C95D9A /* Adiona WatchKit App */;
			targetProxy = 00B046A2283FC2EF00C95D9A /* PBXContainerItemProxy */;
		};
		00B046AE283FC2F000C95D9A /* PBXTargetDependency */ = {
			isa = PBXTargetDependency;
			target = 00B046AA283FC2F000C95D9A /* Adiona WatchKit Extension */;
			targetProxy = 00B046AD283FC2F000C95D9A /* PBXContainerItemProxy */;
		};
		00B046C2283FC2F100C95D9A /* PBXTargetDependency */ = {
			isa = PBXTargetDependency;
			target = 00B046AA283FC2F000C95D9A /* Adiona WatchKit Extension */;
			targetProxy = 00B046C1283FC2F100C95D9A /* PBXContainerItemProxy */;
		};
/* End PBXTargetDependency section */

/* Begin XCBuildConfiguration section */
		00B046D2283FC2F100C95D9A /* Debug */ = {
			isa = XCBuildConfiguration;
			buildSettings = {
				ALWAYS_SEARCH_USER_PATHS = NO;
				CLANG_ANALYZER_NONNULL = YES;
				CLANG_ANALYZER_NUMBER_OBJECT_CONVERSION = YES_AGGRESSIVE;
				CLANG_CXX_LANGUAGE_STANDARD = "gnu++17";
				CLANG_ENABLE_MODULES = YES;
				CLANG_ENABLE_OBJC_ARC = YES;
				CLANG_ENABLE_OBJC_WEAK = YES;
				CLANG_WARN_BLOCK_CAPTURE_AUTORELEASING = YES;
				CLANG_WARN_BOOL_CONVERSION = YES;
				CLANG_WARN_COMMA = YES;
				CLANG_WARN_CONSTANT_CONVERSION = YES;
				CLANG_WARN_DEPRECATED_OBJC_IMPLEMENTATIONS = YES;
				CLANG_WARN_DIRECT_OBJC_ISA_USAGE = YES_ERROR;
				CLANG_WARN_DOCUMENTATION_COMMENTS = YES;
				CLANG_WARN_EMPTY_BODY = YES;
				CLANG_WARN_ENUM_CONVERSION = YES;
				CLANG_WARN_INFINITE_RECURSION = YES;
				CLANG_WARN_INT_CONVERSION = YES;
				CLANG_WARN_NON_LITERAL_NULL_CONVERSION = YES;
				CLANG_WARN_OBJC_IMPLICIT_RETAIN_SELF = YES;
				CLANG_WARN_OBJC_LITERAL_CONVERSION = YES;
				CLANG_WARN_OBJC_ROOT_CLASS = YES_ERROR;
				CLANG_WARN_QUOTED_INCLUDE_IN_FRAMEWORK_HEADER = YES;
				CLANG_WARN_RANGE_LOOP_ANALYSIS = YES;
				CLANG_WARN_STRICT_PROTOTYPES = YES;
				CLANG_WARN_SUSPICIOUS_MOVE = YES;
				CLANG_WARN_UNGUARDED_AVAILABILITY = YES_AGGRESSIVE;
				CLANG_WARN_UNREACHABLE_CODE = YES;
				CLANG_WARN__DUPLICATE_METHOD_MATCH = YES;
				COPY_PHASE_STRIP = NO;
				DEBUG_INFORMATION_FORMAT = dwarf;
				ENABLE_STRICT_OBJC_MSGSEND = YES;
				ENABLE_TESTABILITY = YES;
				GCC_C_LANGUAGE_STANDARD = gnu11;
				GCC_DYNAMIC_NO_PIC = NO;
				GCC_NO_COMMON_BLOCKS = YES;
				GCC_OPTIMIZATION_LEVEL = 0;
				GCC_PREPROCESSOR_DEFINITIONS = (
					"DEBUG=1",
					"$(inherited)",
				);
				GCC_WARN_64_TO_32_BIT_CONVERSION = YES;
				GCC_WARN_ABOUT_RETURN_TYPE = YES_ERROR;
				GCC_WARN_UNDECLARED_SELECTOR = YES;
				GCC_WARN_UNINITIALIZED_AUTOS = YES_AGGRESSIVE;
				GCC_WARN_UNUSED_FUNCTION = YES;
				GCC_WARN_UNUSED_VARIABLE = YES;
				MTL_ENABLE_DEBUG_INFO = INCLUDE_SOURCE;
				MTL_FAST_MATH = YES;
				ONLY_ACTIVE_ARCH = YES;
				SDKROOT = iphoneos;
				SWIFT_ACTIVE_COMPILATION_CONDITIONS = DEBUG;
				SWIFT_OPTIMIZATION_LEVEL = "-Onone";
			};
			name = Debug;
		};
		00B046D3283FC2F100C95D9A /* Release */ = {
			isa = XCBuildConfiguration;
			buildSettings = {
				ALWAYS_SEARCH_USER_PATHS = NO;
				CLANG_ANALYZER_NONNULL = YES;
				CLANG_ANALYZER_NUMBER_OBJECT_CONVERSION = YES_AGGRESSIVE;
				CLANG_CXX_LANGUAGE_STANDARD = "gnu++17";
				CLANG_ENABLE_MODULES = YES;
				CLANG_ENABLE_OBJC_ARC = YES;
				CLANG_ENABLE_OBJC_WEAK = YES;
				CLANG_WARN_BLOCK_CAPTURE_AUTORELEASING = YES;
				CLANG_WARN_BOOL_CONVERSION = YES;
				CLANG_WARN_COMMA = YES;
				CLANG_WARN_CONSTANT_CONVERSION = YES;
				CLANG_WARN_DEPRECATED_OBJC_IMPLEMENTATIONS = YES;
				CLANG_WARN_DIRECT_OBJC_ISA_USAGE = YES_ERROR;
				CLANG_WARN_DOCUMENTATION_COMMENTS = YES;
				CLANG_WARN_EMPTY_BODY = YES;
				CLANG_WARN_ENUM_CONVERSION = YES;
				CLANG_WARN_INFINITE_RECURSION = YES;
				CLANG_WARN_INT_CONVERSION = YES;
				CLANG_WARN_NON_LITERAL_NULL_CONVERSION = YES;
				CLANG_WARN_OBJC_IMPLICIT_RETAIN_SELF = YES;
				CLANG_WARN_OBJC_LITERAL_CONVERSION = YES;
				CLANG_WARN_OBJC_ROOT_CLASS = YES_ERROR;
				CLANG_WARN_QUOTED_INCLUDE_IN_FRAMEWORK_HEADER = YES;
				CLANG_WARN_RANGE_LOOP_ANALYSIS = YES;
				CLANG_WARN_STRICT_PROTOTYPES = YES;
				CLANG_WARN_SUSPICIOUS_MOVE = YES;
				CLANG_WARN_UNGUARDED_AVAILABILITY = YES_AGGRESSIVE;
				CLANG_WARN_UNREACHABLE_CODE = YES;
				CLANG_WARN__DUPLICATE_METHOD_MATCH = YES;
				COPY_PHASE_STRIP = NO;
				DEBUG_INFORMATION_FORMAT = "dwarf-with-dsym";
				ENABLE_NS_ASSERTIONS = NO;
				ENABLE_STRICT_OBJC_MSGSEND = YES;
				GCC_C_LANGUAGE_STANDARD = gnu11;
				GCC_NO_COMMON_BLOCKS = YES;
				GCC_WARN_64_TO_32_BIT_CONVERSION = YES;
				GCC_WARN_ABOUT_RETURN_TYPE = YES_ERROR;
				GCC_WARN_UNDECLARED_SELECTOR = YES;
				GCC_WARN_UNINITIALIZED_AUTOS = YES_AGGRESSIVE;
				GCC_WARN_UNUSED_FUNCTION = YES;
				GCC_WARN_UNUSED_VARIABLE = YES;
				MTL_ENABLE_DEBUG_INFO = NO;
				MTL_FAST_MATH = YES;
				SDKROOT = iphoneos;
				SWIFT_COMPILATION_MODE = wholemodule;
				SWIFT_OPTIMIZATION_LEVEL = "-O";
				VALIDATE_PRODUCT = YES;
			};
			name = Release;
		};
		00B046D5283FC2F100C95D9A /* Debug */ = {
			isa = XCBuildConfiguration;
			buildSettings = {
				ASSETCATALOG_COMPILER_COMPLICATION_NAME = Complication;
				CLANG_ENABLE_MODULES = YES;
				CODE_SIGN_ENTITLEMENTS = "Adiona WatchKit Extension/Adiona WatchKit Extension.entitlements";
				CODE_SIGN_STYLE = Automatic;
				CURRENT_PROJECT_VERSION = 1;
				DEVELOPMENT_ASSET_PATHS = "\"Adiona WatchKit Extension/Preview Content\"";
				DEVELOPMENT_TEAM = 7C6PR6SGEU;
				ENABLE_PREVIEWS = YES;
				GENERATE_INFOPLIST_FILE = YES;
				INFOPLIST_FILE = "Adiona WatchKit Extension/Info.plist";
				INFOPLIST_KEY_CFBundleDisplayName = "Adiona WatchKit Extension";
				INFOPLIST_KEY_CLKComplicationPrincipalClass = Adiona_WatchKit_Extension.ComplicationController;
				INFOPLIST_KEY_NSHumanReadableCopyright = "";
				INFOPLIST_KEY_WKWatchOnly = YES;
				LD_RUNPATH_SEARCH_PATHS = (
					"$(inherited)",
					"@executable_path/Frameworks",
					"@executable_path/../../Frameworks",
				);
				MARKETING_VERSION = 1.0;
				PRODUCT_BUNDLE_IDENTIFIER = com.gnashermobilesoft.Adiona.watchkitapp.watchkitextension;
				PRODUCT_NAME = "${TARGET_NAME}";
				SDKROOT = watchos;
				SKIP_INSTALL = YES;
				SWIFT_EMIT_LOC_STRINGS = YES;
				SWIFT_OBJC_BRIDGING_HEADER = "Adiona WatchKit Extension/Adiona WatchKit Extension-Bridging-Header.h";
				SWIFT_OPTIMIZATION_LEVEL = "-Onone";
				SWIFT_VERSION = 5.0;
				TARGETED_DEVICE_FAMILY = 4;
				WATCHOS_DEPLOYMENT_TARGET = 8.5;
			};
			name = Debug;
		};
		00B046D6283FC2F100C95D9A /* Release */ = {
			isa = XCBuildConfiguration;
			buildSettings = {
				ASSETCATALOG_COMPILER_COMPLICATION_NAME = Complication;
				CLANG_ENABLE_MODULES = YES;
				CODE_SIGN_ENTITLEMENTS = "Adiona WatchKit Extension/Adiona WatchKit Extension.entitlements";
				CODE_SIGN_STYLE = Automatic;
				CURRENT_PROJECT_VERSION = 1;
				DEVELOPMENT_ASSET_PATHS = "\"Adiona WatchKit Extension/Preview Content\"";
				DEVELOPMENT_TEAM = 7C6PR6SGEU;
				ENABLE_PREVIEWS = YES;
				GENERATE_INFOPLIST_FILE = YES;
				INFOPLIST_FILE = "Adiona WatchKit Extension/Info.plist";
				INFOPLIST_KEY_CFBundleDisplayName = "Adiona WatchKit Extension";
				INFOPLIST_KEY_CLKComplicationPrincipalClass = Adiona_WatchKit_Extension.ComplicationController;
				INFOPLIST_KEY_NSHumanReadableCopyright = "";
				INFOPLIST_KEY_WKWatchOnly = YES;
				LD_RUNPATH_SEARCH_PATHS = (
					"$(inherited)",
					"@executable_path/Frameworks",
					"@executable_path/../../Frameworks",
				);
				MARKETING_VERSION = 1.0;
				PRODUCT_BUNDLE_IDENTIFIER = com.gnashermobilesoft.Adiona.watchkitapp.watchkitextension;
				PRODUCT_NAME = "${TARGET_NAME}";
				SDKROOT = watchos;
				SKIP_INSTALL = YES;
				SWIFT_EMIT_LOC_STRINGS = YES;
				SWIFT_OBJC_BRIDGING_HEADER = "Adiona WatchKit Extension/Adiona WatchKit Extension-Bridging-Header.h";
				SWIFT_VERSION = 5.0;
				TARGETED_DEVICE_FAMILY = 4;
				WATCHOS_DEPLOYMENT_TARGET = 8.5;
			};
			name = Release;
		};
		00B046D9283FC2F100C95D9A /* Debug */ = {
			isa = XCBuildConfiguration;
			buildSettings = {
				ALWAYS_EMBED_SWIFT_STANDARD_LIBRARIES = YES;
				ASSETCATALOG_COMPILER_APPICON_NAME = AppIcon;
				ASSETCATALOG_COMPILER_GLOBAL_ACCENT_COLOR_NAME = AccentColor;
				CODE_SIGN_STYLE = Automatic;
				CURRENT_PROJECT_VERSION = 1;
				DEVELOPMENT_TEAM = 7C6PR6SGEU;
				GENERATE_INFOPLIST_FILE = YES;
				IBSC_MODULE = Adiona_WatchKit_Extension;
				INFOPLIST_KEY_UISupportedInterfaceOrientations = "UIInterfaceOrientationPortrait UIInterfaceOrientationPortraitUpsideDown";
				MARKETING_VERSION = 1.0;
				PRODUCT_BUNDLE_IDENTIFIER = com.gnashermobilesoft.Adiona.watchkitapp;
				PRODUCT_NAME = Adiona;
				SDKROOT = watchos;
				SKIP_INSTALL = YES;
				SWIFT_EMIT_LOC_STRINGS = YES;
				SWIFT_VERSION = 5.0;
				TARGETED_DEVICE_FAMILY = 4;
				WATCHOS_DEPLOYMENT_TARGET = 8.5;
			};
			name = Debug;
		};
		00B046DA283FC2F100C95D9A /* Release */ = {
			isa = XCBuildConfiguration;
			buildSettings = {
				ALWAYS_EMBED_SWIFT_STANDARD_LIBRARIES = YES;
				ASSETCATALOG_COMPILER_APPICON_NAME = AppIcon;
				ASSETCATALOG_COMPILER_GLOBAL_ACCENT_COLOR_NAME = AccentColor;
				CODE_SIGN_STYLE = Automatic;
				CURRENT_PROJECT_VERSION = 1;
				DEVELOPMENT_TEAM = 7C6PR6SGEU;
				GENERATE_INFOPLIST_FILE = YES;
				IBSC_MODULE = Adiona_WatchKit_Extension;
				INFOPLIST_KEY_UISupportedInterfaceOrientations = "UIInterfaceOrientationPortrait UIInterfaceOrientationPortraitUpsideDown";
				MARKETING_VERSION = 1.0;
				PRODUCT_BUNDLE_IDENTIFIER = com.gnashermobilesoft.Adiona.watchkitapp;
				PRODUCT_NAME = Adiona;
				SDKROOT = watchos;
				SKIP_INSTALL = YES;
				SWIFT_EMIT_LOC_STRINGS = YES;
				SWIFT_VERSION = 5.0;
				TARGETED_DEVICE_FAMILY = 4;
				WATCHOS_DEPLOYMENT_TARGET = 8.5;
			};
			name = Release;
		};
		00B046DD283FC2F100C95D9A /* Debug */ = {
			isa = XCBuildConfiguration;
			buildSettings = {
				CODE_SIGN_STYLE = Automatic;
				CURRENT_PROJECT_VERSION = 1;
				DEVELOPMENT_TEAM = 7C6PR6SGEU;
				MARKETING_VERSION = 1.0;
				PRODUCT_BUNDLE_IDENTIFIER = com.gnashermobilesoft.Adiona;
				PRODUCT_NAME = "$(TARGET_NAME)";
				SWIFT_VERSION = 5.0;
			};
			name = Debug;
		};
		00B046DE283FC2F100C95D9A /* Release */ = {
			isa = XCBuildConfiguration;
			buildSettings = {
				CODE_SIGN_STYLE = Automatic;
				CURRENT_PROJECT_VERSION = 1;
				DEVELOPMENT_TEAM = 7C6PR6SGEU;
				MARKETING_VERSION = 1.0;
				PRODUCT_BUNDLE_IDENTIFIER = com.gnashermobilesoft.Adiona;
				PRODUCT_NAME = "$(TARGET_NAME)";
				SWIFT_VERSION = 5.0;
			};
			name = Release;
		};
		00B046E0283FC2F100C95D9A /* Debug */ = {
			isa = XCBuildConfiguration;
			buildSettings = {
				ALWAYS_EMBED_SWIFT_STANDARD_LIBRARIES = YES;
				BUNDLE_LOADER = "$(TEST_HOST)";
				CODE_SIGN_STYLE = Automatic;
				CURRENT_PROJECT_VERSION = 1;
				DEVELOPMENT_TEAM = 7C6PR6SGEU;
				GENERATE_INFOPLIST_FILE = YES;
				MARKETING_VERSION = 1.0;
				PRODUCT_BUNDLE_IDENTIFIER = com.gnashermobilesoft.AdionaTests;
				PRODUCT_NAME = "$(TARGET_NAME)";
				SDKROOT = watchos;
				SWIFT_EMIT_LOC_STRINGS = NO;
				SWIFT_VERSION = 5.0;
				TARGETED_DEVICE_FAMILY = 4;
				TEST_HOST = "$(BUILT_PRODUCTS_DIR)/Adiona WatchKit Extension.appex/Adiona WatchKit Extension";
				WATCHOS_DEPLOYMENT_TARGET = 8.5;
			};
			name = Debug;
		};
		00B046E1283FC2F100C95D9A /* Release */ = {
			isa = XCBuildConfiguration;
			buildSettings = {
				ALWAYS_EMBED_SWIFT_STANDARD_LIBRARIES = YES;
				BUNDLE_LOADER = "$(TEST_HOST)";
				CODE_SIGN_STYLE = Automatic;
				CURRENT_PROJECT_VERSION = 1;
				DEVELOPMENT_TEAM = 7C6PR6SGEU;
				GENERATE_INFOPLIST_FILE = YES;
				MARKETING_VERSION = 1.0;
				PRODUCT_BUNDLE_IDENTIFIER = com.gnashermobilesoft.AdionaTests;
				PRODUCT_NAME = "$(TARGET_NAME)";
				SDKROOT = watchos;
				SWIFT_EMIT_LOC_STRINGS = NO;
				SWIFT_VERSION = 5.0;
				TARGETED_DEVICE_FAMILY = 4;
				TEST_HOST = "$(BUILT_PRODUCTS_DIR)/Adiona WatchKit Extension.appex/Adiona WatchKit Extension";
				WATCHOS_DEPLOYMENT_TARGET = 8.5;
			};
			name = Release;
		};
/* End XCBuildConfiguration section */

/* Begin XCConfigurationList section */
		00B04699283FC2EF00C95D9A /* Build configuration list for PBXProject "Adiona" */ = {
			isa = XCConfigurationList;
			buildConfigurations = (
				00B046D2283FC2F100C95D9A /* Debug */,
				00B046D3283FC2F100C95D9A /* Release */,
			);
			defaultConfigurationIsVisible = 0;
			defaultConfigurationName = Release;
		};
		00B046D4283FC2F100C95D9A /* Build configuration list for PBXNativeTarget "Adiona WatchKit Extension" */ = {
			isa = XCConfigurationList;
			buildConfigurations = (
				00B046D5283FC2F100C95D9A /* Debug */,
				00B046D6283FC2F100C95D9A /* Release */,
			);
			defaultConfigurationIsVisible = 0;
			defaultConfigurationName = Release;
		};
		00B046D8283FC2F100C95D9A /* Build configuration list for PBXNativeTarget "Adiona WatchKit App" */ = {
			isa = XCConfigurationList;
			buildConfigurations = (
				00B046D9283FC2F100C95D9A /* Debug */,
				00B046DA283FC2F100C95D9A /* Release */,
			);
			defaultConfigurationIsVisible = 0;
			defaultConfigurationName = Release;
		};
		00B046DC283FC2F100C95D9A /* Build configuration list for PBXNativeTarget "Adiona" */ = {
			isa = XCConfigurationList;
			buildConfigurations = (
				00B046DD283FC2F100C95D9A /* Debug */,
				00B046DE283FC2F100C95D9A /* Release */,
			);
			defaultConfigurationIsVisible = 0;
			defaultConfigurationName = Release;
		};
		00B046DF283FC2F100C95D9A /* Build configuration list for PBXNativeTarget "AdionaTests" */ = {
			isa = XCConfigurationList;
			buildConfigurations = (
				00B046E0283FC2F100C95D9A /* Debug */,
				00B046E1283FC2F100C95D9A /* Release */,
			);
			defaultConfigurationIsVisible = 0;
			defaultConfigurationName = Release;
		};
/* End XCConfigurationList section */

/* Begin XCRemoteSwiftPackageReference section */
		009BE4702840F80E0010A15F /* XCRemoteSwiftPackageReference "sentry-cocoa" */ = {
			isa = XCRemoteSwiftPackageReference;
			repositoryURL = "https://github.com/getsentry/sentry-cocoa";
			requirement = {
				kind = upToNextMajorVersion;
				minimumVersion = 7.0.0;
			};
		};
/* End XCRemoteSwiftPackageReference section */

/* Begin XCSwiftPackageProductDependency section */
		009BE4712840F80E0010A15F /* Sentry */ = {
			isa = XCSwiftPackageProductDependency;
			package = 009BE4702840F80E0010A15F /* XCRemoteSwiftPackageReference "sentry-cocoa" */;
			productName = Sentry;
		};
		009BE4762840FA630010A15F /* Sentry */ = {
			isa = XCSwiftPackageProductDependency;
			package = 009BE4702840F80E0010A15F /* XCRemoteSwiftPackageReference "sentry-cocoa" */;
			productName = Sentry;
		};
/* End XCSwiftPackageProductDependency section */
	};
	rootObject = 00B04696283FC2EF00C95D9A /* Project object */;
}
