// !$*UTF8*$!
{
	archiveVersion = 1;
	classes = {
	};
	objectVersion = 55;
	objects = {

/* Begin PBXBuildFile section */
		0006A28A28661CBF002E1306 /* Uploader.swift in Sources */ = {isa = PBXBuildFile; fileRef = 0006A28928661CBF002E1306 /* Uploader.swift */; };
		0006A28C28661CEA002E1306 /* SotoS3 in Frameworks */ = {isa = PBXBuildFile; productRef = 0006A28B28661CEA002E1306 /* SotoS3 */; };
		0031715A28677B1B009BF698 /* SampleTypes.swift in Sources */ = {isa = PBXBuildFile; fileRef = 0031715928677B1B009BF698 /* SampleTypes.swift */; };
		0038EFDC28637A8C0055B2E6 /* Adiona WatchKit App.app in Embed Watch Content */ = {isa = PBXBuildFile; fileRef = 0038EFDB28637A8C0055B2E6 /* Adiona WatchKit App.app */; settings = {ATTRIBUTES = (RemoveHeadersOnCopy, ); }; };
		0038EFE128637A8E0055B2E6 /* Assets.xcassets in Resources */ = {isa = PBXBuildFile; fileRef = 0038EFE028637A8E0055B2E6 /* Assets.xcassets */; };
		0038EFE728637A8F0055B2E6 /* Adiona WatchKit Extension.appex in Embed App Extensions */ = {isa = PBXBuildFile; fileRef = 0038EFE628637A8F0055B2E6 /* Adiona WatchKit Extension.appex */; settings = {ATTRIBUTES = (RemoveHeadersOnCopy, ); }; };
		0038EFEE28637A8F0055B2E6 /* ContentView.swift in Sources */ = {isa = PBXBuildFile; fileRef = 0038EFED28637A8F0055B2E6 /* ContentView.swift */; };
		0038EFF428637A8F0055B2E6 /* ComplicationController.swift in Sources */ = {isa = PBXBuildFile; fileRef = 0038EFF328637A8F0055B2E6 /* ComplicationController.swift */; };
		0038EFF628637A8F0055B2E6 /* Assets.xcassets in Resources */ = {isa = PBXBuildFile; fileRef = 0038EFF528637A8F0055B2E6 /* Assets.xcassets */; };
		0038EFF928637A8F0055B2E6 /* Preview Assets.xcassets in Resources */ = {isa = PBXBuildFile; fileRef = 0038EFF828637A8F0055B2E6 /* Preview Assets.xcassets */; };
		0038F00528637A8F0055B2E6 /* AdionaTests.swift in Sources */ = {isa = PBXBuildFile; fileRef = 0038F00428637A8F0055B2E6 /* AdionaTests.swift */; };
		0038F02528637B6A0055B2E6 /* AdionaApp.swift in Sources */ = {isa = PBXBuildFile; fileRef = 0038EFEB28637A8F0055B2E6 /* AdionaApp.swift */; };
		0038F02928637C5E0055B2E6 /* HealthKit.framework in Frameworks */ = {isa = PBXBuildFile; fileRef = 0038F02828637C5E0055B2E6 /* HealthKit.framework */; };
		0038F02B28637E570055B2E6 /* ExtensionDelegate.swift in Sources */ = {isa = PBXBuildFile; fileRef = 0038F02A28637E570055B2E6 /* ExtensionDelegate.swift */; };
		0038F03128637F400055B2E6 /* HealthDataManager.swift in Sources */ = {isa = PBXBuildFile; fileRef = 0038F03028637F400055B2E6 /* HealthDataManager.swift */; };
		0038F03328637FB40055B2E6 /* Notifications.swift in Sources */ = {isa = PBXBuildFile; fileRef = 0038F03228637FB40055B2E6 /* Notifications.swift */; };
		006289ED2864782000CE868A /* NSDate+RFC3339.m in Sources */ = {isa = PBXBuildFile; fileRef = 006289D62864782000CE868A /* NSDate+RFC3339.m */; };
		006289EE2864782000CE868A /* OMHHealthKitConstantsMapper.m in Sources */ = {isa = PBXBuildFile; fileRef = 006289DB2864782000CE868A /* OMHHealthKitConstantsMapper.m */; };
		006289EF2864782000CE868A /* OMHError.m in Sources */ = {isa = PBXBuildFile; fileRef = 006289DC2864782000CE868A /* OMHError.m */; };
		006289F02864782000CE868A /* OMHSerializer.m in Sources */ = {isa = PBXBuildFile; fileRef = 006289DD2864782000CE868A /* OMHSerializer.m */; };
		006289F12864782000CE868A /* NSArray+ObjectiveSugar.m in Sources */ = {isa = PBXBuildFile; fileRef = 006289DF2864782000CE868A /* NSArray+ObjectiveSugar.m */; };
		006289F22864782000CE868A /* NSNumber+ObjectiveSugar.m in Sources */ = {isa = PBXBuildFile; fileRef = 006289E42864782000CE868A /* NSNumber+ObjectiveSugar.m */; };
		006289F32864782000CE868A /* NSString+ObjectiveSugar.m in Sources */ = {isa = PBXBuildFile; fileRef = 006289E72864782000CE868A /* NSString+ObjectiveSugar.m */; };
		006289F42864782000CE868A /* NSDictionary+ObjectiveSugar.m in Sources */ = {isa = PBXBuildFile; fileRef = 006289E82864782000CE868A /* NSDictionary+ObjectiveSugar.m */; };
		006289F52864782000CE868A /* NSSet+ObjectiveSugar.m in Sources */ = {isa = PBXBuildFile; fileRef = 006289E92864782000CE868A /* NSSet+ObjectiveSugar.m */; };
		006289F62864782000CE868A /* NSMutableArray+ObjectiveSugar.m in Sources */ = {isa = PBXBuildFile; fileRef = 006289EB2864782000CE868A /* NSMutableArray+ObjectiveSugar.m */; };
		00806312286CDA83005E4954 /* Assets.xcassets in Resources */ = {isa = PBXBuildFile; fileRef = 0038EFE028637A8E0055B2E6 /* Assets.xcassets */; };
		00806314286DCEE4005E4954 /* Location.swift in Sources */ = {isa = PBXBuildFile; fileRef = 00806313286DCEE4005E4954 /* Location.swift */; };
		00C9C24328649D6600EB6B78 /* ComplicationViews.swift in Sources */ = {isa = PBXBuildFile; fileRef = 00C9C24228649D6600EB6B78 /* ComplicationViews.swift */; };
		00C9C2452864A03200EB6B78 /* ErrorHandling.swift in Sources */ = {isa = PBXBuildFile; fileRef = 00C9C2442864A03200EB6B78 /* ErrorHandling.swift */; };
		00D49E8A286CD21A00BED749 /* Keypad.swift in Sources */ = {isa = PBXBuildFile; fileRef = 00D49E89286CD21A00BED749 /* Keypad.swift */; };
		00D7E25B2865E2AC00FD518C /* Sentry in Frameworks */ = {isa = PBXBuildFile; productRef = 00D7E25A2865E2AC00FD518C /* Sentry */; };
/* End PBXBuildFile section */

/* Begin PBXContainerItemProxy section */
		0038EFDD28637A8C0055B2E6 /* PBXContainerItemProxy */ = {
			isa = PBXContainerItemProxy;
			containerPortal = 0038EFD128637A8C0055B2E6 /* Project object */;
			proxyType = 1;
			remoteGlobalIDString = 0038EFDA28637A8C0055B2E6;
			remoteInfo = "Adiona WatchKit App";
		};
		0038EFE828637A8F0055B2E6 /* PBXContainerItemProxy */ = {
			isa = PBXContainerItemProxy;
			containerPortal = 0038EFD128637A8C0055B2E6 /* Project object */;
			proxyType = 1;
			remoteGlobalIDString = 0038EFE528637A8F0055B2E6;
			remoteInfo = "Adiona WatchKit Extension";
		};
		0038F00128637A8F0055B2E6 /* PBXContainerItemProxy */ = {
			isa = PBXContainerItemProxy;
			containerPortal = 0038EFD128637A8C0055B2E6 /* Project object */;
			proxyType = 1;
			remoteGlobalIDString = 0038EFE528637A8F0055B2E6;
			remoteInfo = "Adiona WatchKit Extension";
		};
/* End PBXContainerItemProxy section */

/* Begin PBXCopyFilesBuildPhase section */
		0038F01728637A8F0055B2E6 /* Embed App Extensions */ = {
			isa = PBXCopyFilesBuildPhase;
			buildActionMask = 2147483647;
			dstPath = "";
			dstSubfolderSpec = 13;
			files = (
				0038EFE728637A8F0055B2E6 /* Adiona WatchKit Extension.appex in Embed App Extensions */,
			);
			name = "Embed App Extensions";
			runOnlyForDeploymentPostprocessing = 0;
		};
		0038F01B28637A8F0055B2E6 /* Embed Watch Content */ = {
			isa = PBXCopyFilesBuildPhase;
			buildActionMask = 2147483647;
			dstPath = "$(CONTENTS_FOLDER_PATH)/Watch";
			dstSubfolderSpec = 16;
			files = (
				0038EFDC28637A8C0055B2E6 /* Adiona WatchKit App.app in Embed Watch Content */,
			);
			name = "Embed Watch Content";
			runOnlyForDeploymentPostprocessing = 0;
		};
/* End PBXCopyFilesBuildPhase section */

/* Begin PBXFileReference section */
		0006A28928661CBF002E1306 /* Uploader.swift */ = {isa = PBXFileReference; lastKnownFileType = sourcecode.swift; path = Uploader.swift; sourceTree = "<group>"; };
		0031715928677B1B009BF698 /* SampleTypes.swift */ = {isa = PBXFileReference; lastKnownFileType = sourcecode.swift; path = SampleTypes.swift; sourceTree = "<group>"; };
		0038EFD728637A8C0055B2E6 /* Adiona.app */ = {isa = PBXFileReference; explicitFileType = wrapper.application; includeInIndex = 0; path = Adiona.app; sourceTree = BUILT_PRODUCTS_DIR; };
		0038EFDB28637A8C0055B2E6 /* Adiona WatchKit App.app */ = {isa = PBXFileReference; explicitFileType = wrapper.application; includeInIndex = 0; path = "Adiona WatchKit App.app"; sourceTree = BUILT_PRODUCTS_DIR; };
		0038EFE028637A8E0055B2E6 /* Assets.xcassets */ = {isa = PBXFileReference; lastKnownFileType = folder.assetcatalog; path = Assets.xcassets; sourceTree = "<group>"; };
		0038EFE628637A8F0055B2E6 /* Adiona WatchKit Extension.appex */ = {isa = PBXFileReference; explicitFileType = "wrapper.app-extension"; includeInIndex = 0; path = "Adiona WatchKit Extension.appex"; sourceTree = BUILT_PRODUCTS_DIR; };
		0038EFEB28637A8F0055B2E6 /* AdionaApp.swift */ = {isa = PBXFileReference; lastKnownFileType = sourcecode.swift; path = AdionaApp.swift; sourceTree = "<group>"; };
		0038EFED28637A8F0055B2E6 /* ContentView.swift */ = {isa = PBXFileReference; lastKnownFileType = sourcecode.swift; path = ContentView.swift; sourceTree = "<group>"; };
		0038EFF328637A8F0055B2E6 /* ComplicationController.swift */ = {isa = PBXFileReference; lastKnownFileType = sourcecode.swift; path = ComplicationController.swift; sourceTree = "<group>"; };
		0038EFF528637A8F0055B2E6 /* Assets.xcassets */ = {isa = PBXFileReference; lastKnownFileType = folder.assetcatalog; path = Assets.xcassets; sourceTree = "<group>"; };
		0038EFF828637A8F0055B2E6 /* Preview Assets.xcassets */ = {isa = PBXFileReference; lastKnownFileType = folder.assetcatalog; path = "Preview Assets.xcassets"; sourceTree = "<group>"; };
		0038EFFA28637A8F0055B2E6 /* Info.plist */ = {isa = PBXFileReference; lastKnownFileType = text.plist.xml; path = Info.plist; sourceTree = "<group>"; };
		0038EFFB28637A8F0055B2E6 /* PushNotificationPayload.apns */ = {isa = PBXFileReference; lastKnownFileType = text; path = PushNotificationPayload.apns; sourceTree = "<group>"; };
		0038F00028637A8F0055B2E6 /* AdionaTests.xctest */ = {isa = PBXFileReference; explicitFileType = wrapper.cfbundle; includeInIndex = 0; path = AdionaTests.xctest; sourceTree = BUILT_PRODUCTS_DIR; };
		0038F00428637A8F0055B2E6 /* AdionaTests.swift */ = {isa = PBXFileReference; lastKnownFileType = sourcecode.swift; path = AdionaTests.swift; sourceTree = "<group>"; };
		0038F02628637C5D0055B2E6 /* Adiona WatchKit Extension.entitlements */ = {isa = PBXFileReference; lastKnownFileType = text.plist.entitlements; path = "Adiona WatchKit Extension.entitlements"; sourceTree = "<group>"; };
		0038F02828637C5E0055B2E6 /* HealthKit.framework */ = {isa = PBXFileReference; lastKnownFileType = wrapper.framework; name = HealthKit.framework; path = Platforms/WatchOS.platform/Developer/SDKs/WatchOS8.5.sdk/System/Library/Frameworks/HealthKit.framework; sourceTree = DEVELOPER_DIR; };
		0038F02A28637E570055B2E6 /* ExtensionDelegate.swift */ = {isa = PBXFileReference; lastKnownFileType = sourcecode.swift; path = ExtensionDelegate.swift; sourceTree = "<group>"; };
		0038F03028637F400055B2E6 /* HealthDataManager.swift */ = {isa = PBXFileReference; fileEncoding = 4; lastKnownFileType = sourcecode.swift; path = HealthDataManager.swift; sourceTree = "<group>"; };
		0038F03228637FB40055B2E6 /* Notifications.swift */ = {isa = PBXFileReference; fileEncoding = 4; lastKnownFileType = sourcecode.swift; path = Notifications.swift; sourceTree = "<group>"; };
		006289D62864782000CE868A /* NSDate+RFC3339.m */ = {isa = PBXFileReference; fileEncoding = 4; lastKnownFileType = sourcecode.c.objc; path = "NSDate+RFC3339.m"; sourceTree = "<group>"; };
		006289D72864782000CE868A /* OMHHealthKitConstantsMapper.h */ = {isa = PBXFileReference; fileEncoding = 4; lastKnownFileType = sourcecode.c.h; path = OMHHealthKitConstantsMapper.h; sourceTree = "<group>"; };
		006289D82864782000CE868A /* OMHSerializer.h */ = {isa = PBXFileReference; fileEncoding = 4; lastKnownFileType = sourcecode.c.h; path = OMHSerializer.h; sourceTree = "<group>"; };
		006289D92864782000CE868A /* OMHError.h */ = {isa = PBXFileReference; fileEncoding = 4; lastKnownFileType = sourcecode.c.h; path = OMHError.h; sourceTree = "<group>"; };
		006289DA2864782000CE868A /* NSDate+RFC3339.h */ = {isa = PBXFileReference; fileEncoding = 4; lastKnownFileType = sourcecode.c.h; path = "NSDate+RFC3339.h"; sourceTree = "<group>"; };
		006289DB2864782000CE868A /* OMHHealthKitConstantsMapper.m */ = {isa = PBXFileReference; fileEncoding = 4; lastKnownFileType = sourcecode.c.objc; path = OMHHealthKitConstantsMapper.m; sourceTree = "<group>"; };
		006289DC2864782000CE868A /* OMHError.m */ = {isa = PBXFileReference; fileEncoding = 4; lastKnownFileType = sourcecode.c.objc; path = OMHError.m; sourceTree = "<group>"; };
		006289DD2864782000CE868A /* OMHSerializer.m */ = {isa = PBXFileReference; fileEncoding = 4; lastKnownFileType = sourcecode.c.objc; path = OMHSerializer.m; sourceTree = "<group>"; };
		006289DF2864782000CE868A /* NSArray+ObjectiveSugar.m */ = {isa = PBXFileReference; fileEncoding = 4; lastKnownFileType = sourcecode.c.objc; path = "NSArray+ObjectiveSugar.m"; sourceTree = "<group>"; };
		006289E02864782000CE868A /* NSSet+ObjectiveSugar.h */ = {isa = PBXFileReference; fileEncoding = 4; lastKnownFileType = sourcecode.c.h; path = "NSSet+ObjectiveSugar.h"; sourceTree = "<group>"; };
		006289E12864782000CE868A /* NSDictionary+ObjectiveSugar.h */ = {isa = PBXFileReference; fileEncoding = 4; lastKnownFileType = sourcecode.c.h; path = "NSDictionary+ObjectiveSugar.h"; sourceTree = "<group>"; };
		006289E22864782000CE868A /* ObjectiveSugar.h */ = {isa = PBXFileReference; fileEncoding = 4; lastKnownFileType = sourcecode.c.h; path = ObjectiveSugar.h; sourceTree = "<group>"; };
		006289E32864782000CE868A /* NSString+ObjectiveSugar.h */ = {isa = PBXFileReference; fileEncoding = 4; lastKnownFileType = sourcecode.c.h; path = "NSString+ObjectiveSugar.h"; sourceTree = "<group>"; };
		006289E42864782000CE868A /* NSNumber+ObjectiveSugar.m */ = {isa = PBXFileReference; fileEncoding = 4; lastKnownFileType = sourcecode.c.objc; path = "NSNumber+ObjectiveSugar.m"; sourceTree = "<group>"; };
		006289E52864782000CE868A /* NSMutableArray+ObjectiveSugar.h */ = {isa = PBXFileReference; fileEncoding = 4; lastKnownFileType = sourcecode.c.h; path = "NSMutableArray+ObjectiveSugar.h"; sourceTree = "<group>"; };
		006289E62864782000CE868A /* NSArray+ObjectiveSugar.h */ = {isa = PBXFileReference; fileEncoding = 4; lastKnownFileType = sourcecode.c.h; path = "NSArray+ObjectiveSugar.h"; sourceTree = "<group>"; };
		006289E72864782000CE868A /* NSString+ObjectiveSugar.m */ = {isa = PBXFileReference; fileEncoding = 4; lastKnownFileType = sourcecode.c.objc; path = "NSString+ObjectiveSugar.m"; sourceTree = "<group>"; };
		006289E82864782000CE868A /* NSDictionary+ObjectiveSugar.m */ = {isa = PBXFileReference; fileEncoding = 4; lastKnownFileType = sourcecode.c.objc; path = "NSDictionary+ObjectiveSugar.m"; sourceTree = "<group>"; };
		006289E92864782000CE868A /* NSSet+ObjectiveSugar.m */ = {isa = PBXFileReference; fileEncoding = 4; lastKnownFileType = sourcecode.c.objc; path = "NSSet+ObjectiveSugar.m"; sourceTree = "<group>"; };
		006289EA2864782000CE868A /* NSNumber+ObjectiveSugar.h */ = {isa = PBXFileReference; fileEncoding = 4; lastKnownFileType = sourcecode.c.h; path = "NSNumber+ObjectiveSugar.h"; sourceTree = "<group>"; };
		006289EB2864782000CE868A /* NSMutableArray+ObjectiveSugar.m */ = {isa = PBXFileReference; fileEncoding = 4; lastKnownFileType = sourcecode.c.objc; path = "NSMutableArray+ObjectiveSugar.m"; sourceTree = "<group>"; };
		00806313286DCEE4005E4954 /* Location.swift */ = {isa = PBXFileReference; lastKnownFileType = sourcecode.swift; path = Location.swift; sourceTree = "<group>"; };
		00C9C24128649BE500EB6B78 /* BridgingHeader.h */ = {isa = PBXFileReference; lastKnownFileType = sourcecode.c.h; path = BridgingHeader.h; sourceTree = "<group>"; };
		00C9C24228649D6600EB6B78 /* ComplicationViews.swift */ = {isa = PBXFileReference; fileEncoding = 4; lastKnownFileType = sourcecode.swift; path = ComplicationViews.swift; sourceTree = "<group>"; };
		00C9C2442864A03200EB6B78 /* ErrorHandling.swift */ = {isa = PBXFileReference; fileEncoding = 4; lastKnownFileType = sourcecode.swift; path = ErrorHandling.swift; sourceTree = "<group>"; };
		00D49E89286CD21A00BED749 /* Keypad.swift */ = {isa = PBXFileReference; lastKnownFileType = sourcecode.swift; path = Keypad.swift; sourceTree = "<group>"; };
/* End PBXFileReference section */

/* Begin PBXFrameworksBuildPhase section */
		0038EFE328637A8F0055B2E6 /* Frameworks */ = {
			isa = PBXFrameworksBuildPhase;
			buildActionMask = 2147483647;
			files = (
				0006A28C28661CEA002E1306 /* SotoS3 in Frameworks */,
				0038F02928637C5E0055B2E6 /* HealthKit.framework in Frameworks */,
				00D7E25B2865E2AC00FD518C /* Sentry in Frameworks */,
			);
			runOnlyForDeploymentPostprocessing = 0;
		};
		0038EFFD28637A8F0055B2E6 /* Frameworks */ = {
			isa = PBXFrameworksBuildPhase;
			buildActionMask = 2147483647;
			files = (
			);
			runOnlyForDeploymentPostprocessing = 0;
		};
/* End PBXFrameworksBuildPhase section */

/* Begin PBXGroup section */
		0038EFD028637A8C0055B2E6 = {
			isa = PBXGroup;
			children = (
				0038EFDF28637A8C0055B2E6 /* Adiona WatchKit App */,
				0038EFEA28637A8F0055B2E6 /* Adiona WatchKit Extension */,
				0038F00328637A8F0055B2E6 /* AdionaTests */,
				0038EFD828637A8C0055B2E6 /* Products */,
				0038F02728637C5E0055B2E6 /* Frameworks */,
			);
			sourceTree = "<group>";
		};
		0038EFD828637A8C0055B2E6 /* Products */ = {
			isa = PBXGroup;
			children = (
				0038EFD728637A8C0055B2E6 /* Adiona.app */,
				0038EFDB28637A8C0055B2E6 /* Adiona WatchKit App.app */,
				0038EFE628637A8F0055B2E6 /* Adiona WatchKit Extension.appex */,
				0038F00028637A8F0055B2E6 /* AdionaTests.xctest */,
			);
			name = Products;
			sourceTree = "<group>";
		};
		0038EFDF28637A8C0055B2E6 /* Adiona WatchKit App */ = {
			isa = PBXGroup;
			children = (
				0038EFEB28637A8F0055B2E6 /* AdionaApp.swift */,
				0038EFE028637A8E0055B2E6 /* Assets.xcassets */,
			);
			path = "Adiona WatchKit App";
			sourceTree = "<group>";
		};
		0038EFEA28637A8F0055B2E6 /* Adiona WatchKit Extension */ = {
			isa = PBXGroup;
			children = (
				00C9C24128649BE500EB6B78 /* BridgingHeader.h */,
				006289D42864782000CE868A /* Serializer */,
				0038F02628637C5D0055B2E6 /* Adiona WatchKit Extension.entitlements */,
				0038F02A28637E570055B2E6 /* ExtensionDelegate.swift */,
				0006A28928661CBF002E1306 /* Uploader.swift */,
				0038F03028637F400055B2E6 /* HealthDataManager.swift */,
				0031715928677B1B009BF698 /* SampleTypes.swift */,
				0038F03228637FB40055B2E6 /* Notifications.swift */,
				00C9C2442864A03200EB6B78 /* ErrorHandling.swift */,
				0038EFED28637A8F0055B2E6 /* ContentView.swift */,
				00D49E89286CD21A00BED749 /* Keypad.swift */,
				00806313286DCEE4005E4954 /* Location.swift */,
				00C9C24228649D6600EB6B78 /* ComplicationViews.swift */,
				0038EFF328637A8F0055B2E6 /* ComplicationController.swift */,
				0038EFF528637A8F0055B2E6 /* Assets.xcassets */,
				0038EFFA28637A8F0055B2E6 /* Info.plist */,
				0038EFFB28637A8F0055B2E6 /* PushNotificationPayload.apns */,
				0038EFF728637A8F0055B2E6 /* Preview Content */,
			);
			path = "Adiona WatchKit Extension";
			sourceTree = "<group>";
		};
		0038EFF728637A8F0055B2E6 /* Preview Content */ = {
			isa = PBXGroup;
			children = (
				0038EFF828637A8F0055B2E6 /* Preview Assets.xcassets */,
			);
			path = "Preview Content";
			sourceTree = "<group>";
		};
		0038F00328637A8F0055B2E6 /* AdionaTests */ = {
			isa = PBXGroup;
			children = (
				0038F00428637A8F0055B2E6 /* AdionaTests.swift */,
			);
			path = AdionaTests;
			sourceTree = "<group>";
		};
		0038F02728637C5E0055B2E6 /* Frameworks */ = {
			isa = PBXGroup;
			children = (
				0038F02828637C5E0055B2E6 /* HealthKit.framework */,
			);
			name = Frameworks;
			sourceTree = "<group>";
		};
		006289D42864782000CE868A /* Serializer */ = {
			isa = PBXGroup;
			children = (
				006289D52864782000CE868A /* Granola */,
				006289DE2864782000CE868A /* Objective Sugar */,
			);
			path = Serializer;
			sourceTree = "<group>";
		};
		006289D52864782000CE868A /* Granola */ = {
			isa = PBXGroup;
			children = (
				006289D62864782000CE868A /* NSDate+RFC3339.m */,
				006289D72864782000CE868A /* OMHHealthKitConstantsMapper.h */,
				006289D82864782000CE868A /* OMHSerializer.h */,
				006289D92864782000CE868A /* OMHError.h */,
				006289DA2864782000CE868A /* NSDate+RFC3339.h */,
				006289DB2864782000CE868A /* OMHHealthKitConstantsMapper.m */,
				006289DC2864782000CE868A /* OMHError.m */,
				006289DD2864782000CE868A /* OMHSerializer.m */,
			);
			path = Granola;
			sourceTree = "<group>";
		};
		006289DE2864782000CE868A /* Objective Sugar */ = {
			isa = PBXGroup;
			children = (
				006289DF2864782000CE868A /* NSArray+ObjectiveSugar.m */,
				006289E02864782000CE868A /* NSSet+ObjectiveSugar.h */,
				006289E12864782000CE868A /* NSDictionary+ObjectiveSugar.h */,
				006289E22864782000CE868A /* ObjectiveSugar.h */,
				006289E32864782000CE868A /* NSString+ObjectiveSugar.h */,
				006289E42864782000CE868A /* NSNumber+ObjectiveSugar.m */,
				006289E52864782000CE868A /* NSMutableArray+ObjectiveSugar.h */,
				006289E62864782000CE868A /* NSArray+ObjectiveSugar.h */,
				006289E72864782000CE868A /* NSString+ObjectiveSugar.m */,
				006289E82864782000CE868A /* NSDictionary+ObjectiveSugar.m */,
				006289E92864782000CE868A /* NSSet+ObjectiveSugar.m */,
				006289EA2864782000CE868A /* NSNumber+ObjectiveSugar.h */,
				006289EB2864782000CE868A /* NSMutableArray+ObjectiveSugar.m */,
			);
			path = "Objective Sugar";
			sourceTree = "<group>";
		};
/* End PBXGroup section */

/* Begin PBXNativeTarget section */
		0038EFD628637A8C0055B2E6 /* Adiona */ = {
			isa = PBXNativeTarget;
			buildConfigurationList = 0038F01C28637A8F0055B2E6 /* Build configuration list for PBXNativeTarget "Adiona" */;
			buildPhases = (
				0038EFD528637A8C0055B2E6 /* Resources */,
				0038F01B28637A8F0055B2E6 /* Embed Watch Content */,
			);
			buildRules = (
			);
			dependencies = (
				0038EFDE28637A8C0055B2E6 /* PBXTargetDependency */,
			);
			name = Adiona;
			packageProductDependencies = (
				00C9C2472864A05B00EB6B78 /* Sentry */,
				0006A28828661BDC002E1306 /* SotoS3 */,
			);
			productName = Adiona;
			productReference = 0038EFD728637A8C0055B2E6 /* Adiona.app */;
			productType = "com.apple.product-type.application.watchapp2-container";
		};
		0038EFDA28637A8C0055B2E6 /* Adiona WatchKit App */ = {
			isa = PBXNativeTarget;
			buildConfigurationList = 0038F01828637A8F0055B2E6 /* Build configuration list for PBXNativeTarget "Adiona WatchKit App" */;
			buildPhases = (
				0038EFD928637A8C0055B2E6 /* Resources */,
				0038F01728637A8F0055B2E6 /* Embed App Extensions */,
			);
			buildRules = (
			);
			dependencies = (
				0038EFE928637A8F0055B2E6 /* PBXTargetDependency */,
			);
			name = "Adiona WatchKit App";
			productName = "Adiona WatchKit App";
			productReference = 0038EFDB28637A8C0055B2E6 /* Adiona WatchKit App.app */;
			productType = "com.apple.product-type.application.watchapp2";
		};
		0038EFE528637A8F0055B2E6 /* Adiona WatchKit Extension */ = {
			isa = PBXNativeTarget;
			buildConfigurationList = 0038F01428637A8F0055B2E6 /* Build configuration list for PBXNativeTarget "Adiona WatchKit Extension" */;
			buildPhases = (
				0038EFE228637A8F0055B2E6 /* Sources */,
				0038EFE328637A8F0055B2E6 /* Frameworks */,
				0038EFE428637A8F0055B2E6 /* Resources */,
			);
			buildRules = (
			);
			dependencies = (
			);
			name = "Adiona WatchKit Extension";
			packageProductDependencies = (
				00D7E25A2865E2AC00FD518C /* Sentry */,
				0006A28B28661CEA002E1306 /* SotoS3 */,
			);
			productName = "Adiona WatchKit Extension";
			productReference = 0038EFE628637A8F0055B2E6 /* Adiona WatchKit Extension.appex */;
			productType = "com.apple.product-type.watchkit2-extension";
		};
		0038EFFF28637A8F0055B2E6 /* AdionaTests */ = {
			isa = PBXNativeTarget;
			buildConfigurationList = 0038F01F28637A8F0055B2E6 /* Build configuration list for PBXNativeTarget "AdionaTests" */;
			buildPhases = (
				0038EFFC28637A8F0055B2E6 /* Sources */,
				0038EFFD28637A8F0055B2E6 /* Frameworks */,
				0038EFFE28637A8F0055B2E6 /* Resources */,
			);
			buildRules = (
			);
			dependencies = (
				0038F00228637A8F0055B2E6 /* PBXTargetDependency */,
			);
			name = AdionaTests;
			productName = AdionaTests;
			productReference = 0038F00028637A8F0055B2E6 /* AdionaTests.xctest */;
			productType = "com.apple.product-type.bundle.unit-test";
		};
/* End PBXNativeTarget section */

/* Begin PBXProject section */
		0038EFD128637A8C0055B2E6 /* Project object */ = {
			isa = PBXProject;
			attributes = {
				BuildIndependentTargetsInParallel = 1;
				LastSwiftUpdateCheck = 1340;
				LastUpgradeCheck = 1340;
				TargetAttributes = {
					0038EFD628637A8C0055B2E6 = {
						CreatedOnToolsVersion = 13.4.1;
					};
					0038EFDA28637A8C0055B2E6 = {
						CreatedOnToolsVersion = 13.4.1;
					};
					0038EFE528637A8F0055B2E6 = {
						CreatedOnToolsVersion = 13.4.1;
					};
					0038EFFF28637A8F0055B2E6 = {
						CreatedOnToolsVersion = 13.4.1;
						TestTargetID = 0038EFE528637A8F0055B2E6;
					};
				};
			};
			buildConfigurationList = 0038EFD428637A8C0055B2E6 /* Build configuration list for PBXProject "Adiona" */;
			compatibilityVersion = "Xcode 13.0";
			developmentRegion = en;
			hasScannedForEncodings = 0;
			knownRegions = (
				en,
				Base,
			);
			mainGroup = 0038EFD028637A8C0055B2E6;
			packageReferences = (
				00C9C2462864A05B00EB6B78 /* XCRemoteSwiftPackageReference "sentry-cocoa" */,
				0006A28728661BDB002E1306 /* XCRemoteSwiftPackageReference "soto" */,
			);
			productRefGroup = 0038EFD828637A8C0055B2E6 /* Products */;
			projectDirPath = "";
			projectRoot = "";
			targets = (
				0038EFD628637A8C0055B2E6 /* Adiona */,
				0038EFDA28637A8C0055B2E6 /* Adiona WatchKit App */,
				0038EFE528637A8F0055B2E6 /* Adiona WatchKit Extension */,
				0038EFFF28637A8F0055B2E6 /* AdionaTests */,
			);
		};
/* End PBXProject section */

/* Begin PBXResourcesBuildPhase section */
		0038EFD528637A8C0055B2E6 /* Resources */ = {
			isa = PBXResourcesBuildPhase;
			buildActionMask = 2147483647;
			files = (
			);
			runOnlyForDeploymentPostprocessing = 0;
		};
		0038EFD928637A8C0055B2E6 /* Resources */ = {
			isa = PBXResourcesBuildPhase;
			buildActionMask = 2147483647;
			files = (
				0038EFE128637A8E0055B2E6 /* Assets.xcassets in Resources */,
			);
			runOnlyForDeploymentPostprocessing = 0;
		};
		0038EFE428637A8F0055B2E6 /* Resources */ = {
			isa = PBXResourcesBuildPhase;
			buildActionMask = 2147483647;
			files = (
				0038EFF928637A8F0055B2E6 /* Preview Assets.xcassets in Resources */,
				00806312286CDA83005E4954 /* Assets.xcassets in Resources */,
				0038EFF628637A8F0055B2E6 /* Assets.xcassets in Resources */,
			);
			runOnlyForDeploymentPostprocessing = 0;
		};
		0038EFFE28637A8F0055B2E6 /* Resources */ = {
			isa = PBXResourcesBuildPhase;
			buildActionMask = 2147483647;
			files = (
			);
			runOnlyForDeploymentPostprocessing = 0;
		};
/* End PBXResourcesBuildPhase section */

/* Begin PBXSourcesBuildPhase section */
		0038EFE228637A8F0055B2E6 /* Sources */ = {
			isa = PBXSourcesBuildPhase;
			buildActionMask = 2147483647;
			files = (
				0038F03328637FB40055B2E6 /* Notifications.swift in Sources */,
				0038F02528637B6A0055B2E6 /* AdionaApp.swift in Sources */,
				006289F32864782000CE868A /* NSString+ObjectiveSugar.m in Sources */,
				006289F42864782000CE868A /* NSDictionary+ObjectiveSugar.m in Sources */,
				006289F22864782000CE868A /* NSNumber+ObjectiveSugar.m in Sources */,
				006289F52864782000CE868A /* NSSet+ObjectiveSugar.m in Sources */,
				0038EFEE28637A8F0055B2E6 /* ContentView.swift in Sources */,
				006289EF2864782000CE868A /* OMHError.m in Sources */,
				0006A28A28661CBF002E1306 /* Uploader.swift in Sources */,
				0038F03128637F400055B2E6 /* HealthDataManager.swift in Sources */,
				00C9C2452864A03200EB6B78 /* ErrorHandling.swift in Sources */,
				00D49E8A286CD21A00BED749 /* Keypad.swift in Sources */,
				00806314286DCEE4005E4954 /* Location.swift in Sources */,
				0031715A28677B1B009BF698 /* SampleTypes.swift in Sources */,
				00C9C24328649D6600EB6B78 /* ComplicationViews.swift in Sources */,
				006289F12864782000CE868A /* NSArray+ObjectiveSugar.m in Sources */,
				006289EE2864782000CE868A /* OMHHealthKitConstantsMapper.m in Sources */,
				006289F02864782000CE868A /* OMHSerializer.m in Sources */,
				006289F62864782000CE868A /* NSMutableArray+ObjectiveSugar.m in Sources */,
				0038F02B28637E570055B2E6 /* ExtensionDelegate.swift in Sources */,
				0038EFF428637A8F0055B2E6 /* ComplicationController.swift in Sources */,
				006289ED2864782000CE868A /* NSDate+RFC3339.m in Sources */,
			);
			runOnlyForDeploymentPostprocessing = 0;
		};
		0038EFFC28637A8F0055B2E6 /* Sources */ = {
			isa = PBXSourcesBuildPhase;
			buildActionMask = 2147483647;
			files = (
				0038F00528637A8F0055B2E6 /* AdionaTests.swift in Sources */,
			);
			runOnlyForDeploymentPostprocessing = 0;
		};
/* End PBXSourcesBuildPhase section */

/* Begin PBXTargetDependency section */
		0038EFDE28637A8C0055B2E6 /* PBXTargetDependency */ = {
			isa = PBXTargetDependency;
			target = 0038EFDA28637A8C0055B2E6 /* Adiona WatchKit App */;
			targetProxy = 0038EFDD28637A8C0055B2E6 /* PBXContainerItemProxy */;
		};
		0038EFE928637A8F0055B2E6 /* PBXTargetDependency */ = {
			isa = PBXTargetDependency;
			target = 0038EFE528637A8F0055B2E6 /* Adiona WatchKit Extension */;
			targetProxy = 0038EFE828637A8F0055B2E6 /* PBXContainerItemProxy */;
		};
		0038F00228637A8F0055B2E6 /* PBXTargetDependency */ = {
			isa = PBXTargetDependency;
			target = 0038EFE528637A8F0055B2E6 /* Adiona WatchKit Extension */;
			targetProxy = 0038F00128637A8F0055B2E6 /* PBXContainerItemProxy */;
		};
/* End PBXTargetDependency section */

/* Begin XCBuildConfiguration section */
		0038F01228637A8F0055B2E6 /* Debug */ = {
			isa = XCBuildConfiguration;
			buildSettings = {
				ALWAYS_SEARCH_USER_PATHS = NO;
				CLANG_ANALYZER_NONNULL = YES;
				CLANG_ANALYZER_NUMBER_OBJECT_CONVERSION = YES_AGGRESSIVE;
				CLANG_CXX_LANGUAGE_STANDARD = "gnu++17";
				CLANG_ENABLE_MODULES = YES;
				CLANG_ENABLE_OBJC_ARC = YES;
				CLANG_ENABLE_OBJC_WEAK = YES;
				CLANG_WARN_BLOCK_CAPTURE_AUTORELEASING = YES;
				CLANG_WARN_BOOL_CONVERSION = YES;
				CLANG_WARN_COMMA = YES;
				CLANG_WARN_CONSTANT_CONVERSION = YES;
				CLANG_WARN_DEPRECATED_OBJC_IMPLEMENTATIONS = YES;
				CLANG_WARN_DIRECT_OBJC_ISA_USAGE = YES_ERROR;
				CLANG_WARN_DOCUMENTATION_COMMENTS = YES;
				CLANG_WARN_EMPTY_BODY = YES;
				CLANG_WARN_ENUM_CONVERSION = YES;
				CLANG_WARN_INFINITE_RECURSION = YES;
				CLANG_WARN_INT_CONVERSION = YES;
				CLANG_WARN_NON_LITERAL_NULL_CONVERSION = YES;
				CLANG_WARN_OBJC_IMPLICIT_RETAIN_SELF = YES;
				CLANG_WARN_OBJC_LITERAL_CONVERSION = YES;
				CLANG_WARN_OBJC_ROOT_CLASS = YES_ERROR;
				CLANG_WARN_QUOTED_INCLUDE_IN_FRAMEWORK_HEADER = YES;
				CLANG_WARN_RANGE_LOOP_ANALYSIS = YES;
				CLANG_WARN_STRICT_PROTOTYPES = YES;
				CLANG_WARN_SUSPICIOUS_MOVE = YES;
				CLANG_WARN_UNGUARDED_AVAILABILITY = YES_AGGRESSIVE;
				CLANG_WARN_UNREACHABLE_CODE = YES;
				CLANG_WARN__DUPLICATE_METHOD_MATCH = YES;
				COPY_PHASE_STRIP = NO;
				DEBUG_INFORMATION_FORMAT = dwarf;
				ENABLE_STRICT_OBJC_MSGSEND = YES;
				ENABLE_TESTABILITY = YES;
				GCC_C_LANGUAGE_STANDARD = gnu11;
				GCC_DYNAMIC_NO_PIC = NO;
				GCC_NO_COMMON_BLOCKS = YES;
				GCC_OPTIMIZATION_LEVEL = 0;
				GCC_PREPROCESSOR_DEFINITIONS = (
					"DEBUG=1",
					"$(inherited)",
				);
				GCC_WARN_64_TO_32_BIT_CONVERSION = YES;
				GCC_WARN_ABOUT_RETURN_TYPE = YES_ERROR;
				GCC_WARN_UNDECLARED_SELECTOR = YES;
				GCC_WARN_UNINITIALIZED_AUTOS = YES_AGGRESSIVE;
				GCC_WARN_UNUSED_FUNCTION = YES;
				GCC_WARN_UNUSED_VARIABLE = YES;
				MTL_ENABLE_DEBUG_INFO = INCLUDE_SOURCE;
				MTL_FAST_MATH = YES;
				ONLY_ACTIVE_ARCH = YES;
				SDKROOT = iphoneos;
				SWIFT_ACTIVE_COMPILATION_CONDITIONS = DEBUG;
				SWIFT_OPTIMIZATION_LEVEL = "-Onone";
			};
			name = Debug;
		};
		0038F01328637A8F0055B2E6 /* Release */ = {
			isa = XCBuildConfiguration;
			buildSettings = {
				ALWAYS_SEARCH_USER_PATHS = NO;
				CLANG_ANALYZER_NONNULL = YES;
				CLANG_ANALYZER_NUMBER_OBJECT_CONVERSION = YES_AGGRESSIVE;
				CLANG_CXX_LANGUAGE_STANDARD = "gnu++17";
				CLANG_ENABLE_MODULES = YES;
				CLANG_ENABLE_OBJC_ARC = YES;
				CLANG_ENABLE_OBJC_WEAK = YES;
				CLANG_WARN_BLOCK_CAPTURE_AUTORELEASING = YES;
				CLANG_WARN_BOOL_CONVERSION = YES;
				CLANG_WARN_COMMA = YES;
				CLANG_WARN_CONSTANT_CONVERSION = YES;
				CLANG_WARN_DEPRECATED_OBJC_IMPLEMENTATIONS = YES;
				CLANG_WARN_DIRECT_OBJC_ISA_USAGE = YES_ERROR;
				CLANG_WARN_DOCUMENTATION_COMMENTS = YES;
				CLANG_WARN_EMPTY_BODY = YES;
				CLANG_WARN_ENUM_CONVERSION = YES;
				CLANG_WARN_INFINITE_RECURSION = YES;
				CLANG_WARN_INT_CONVERSION = YES;
				CLANG_WARN_NON_LITERAL_NULL_CONVERSION = YES;
				CLANG_WARN_OBJC_IMPLICIT_RETAIN_SELF = YES;
				CLANG_WARN_OBJC_LITERAL_CONVERSION = YES;
				CLANG_WARN_OBJC_ROOT_CLASS = YES_ERROR;
				CLANG_WARN_QUOTED_INCLUDE_IN_FRAMEWORK_HEADER = YES;
				CLANG_WARN_RANGE_LOOP_ANALYSIS = YES;
				CLANG_WARN_STRICT_PROTOTYPES = YES;
				CLANG_WARN_SUSPICIOUS_MOVE = YES;
				CLANG_WARN_UNGUARDED_AVAILABILITY = YES_AGGRESSIVE;
				CLANG_WARN_UNREACHABLE_CODE = YES;
				CLANG_WARN__DUPLICATE_METHOD_MATCH = YES;
				COPY_PHASE_STRIP = NO;
				DEBUG_INFORMATION_FORMAT = "dwarf-with-dsym";
				ENABLE_NS_ASSERTIONS = NO;
				ENABLE_STRICT_OBJC_MSGSEND = YES;
				GCC_C_LANGUAGE_STANDARD = gnu11;
				GCC_NO_COMMON_BLOCKS = YES;
				GCC_WARN_64_TO_32_BIT_CONVERSION = YES;
				GCC_WARN_ABOUT_RETURN_TYPE = YES_ERROR;
				GCC_WARN_UNDECLARED_SELECTOR = YES;
				GCC_WARN_UNINITIALIZED_AUTOS = YES_AGGRESSIVE;
				GCC_WARN_UNUSED_FUNCTION = YES;
				GCC_WARN_UNUSED_VARIABLE = YES;
				MTL_ENABLE_DEBUG_INFO = NO;
				MTL_FAST_MATH = YES;
				SDKROOT = iphoneos;
				SWIFT_COMPILATION_MODE = wholemodule;
				SWIFT_OPTIMIZATION_LEVEL = "-O";
				VALIDATE_PRODUCT = YES;
			};
			name = Release;
		};
		0038F01528637A8F0055B2E6 /* Debug */ = {
			isa = XCBuildConfiguration;
			buildSettings = {
				ASSETCATALOG_COMPILER_COMPLICATION_NAME = Complication;
				CODE_SIGN_ENTITLEMENTS = "Adiona WatchKit Extension/Adiona WatchKit Extension.entitlements";
				CODE_SIGN_STYLE = Automatic;
				CURRENT_PROJECT_VERSION = 1;
				DEVELOPMENT_ASSET_PATHS = "\"Adiona WatchKit Extension/Preview Content\"";
				DEVELOPMENT_TEAM = 7C6PR6SGEU;
				ENABLE_PREVIEWS = YES;
				GENERATE_INFOPLIST_FILE = YES;
				INFOPLIST_FILE = "Adiona WatchKit Extension/Info.plist";
				INFOPLIST_KEY_CFBundleDisplayName = Adiona;
				INFOPLIST_KEY_CLKComplicationPrincipalClass = Adiona_WatchKit_Extension.ComplicationController;
				INFOPLIST_KEY_NSHealthShareUsageDescription = "To track all aspects of your health.";
				INFOPLIST_KEY_NSHealthUpdateUsageDescription = "To update Workouts";
				INFOPLIST_KEY_NSHumanReadableCopyright = "";
				INFOPLIST_KEY_NSLocationAlwaysAndWhenInUseUsageDescription = "To track your location and provide safety.";
				INFOPLIST_KEY_NSLocationAlwaysUsageDescription = "To track your location and provide safety.";
				INFOPLIST_KEY_NSLocationUsageDescription = "To track your location and provide safety.";
				INFOPLIST_KEY_NSLocationWhenInUseUsageDescription = "To track your location and provide safety.";
				INFOPLIST_KEY_NSMotionUsageDescription = "To  collect accleromter data";
				INFOPLIST_KEY_WKWatchOnly = YES;
				LD_RUNPATH_SEARCH_PATHS = (
					"$(inherited)",
					"@executable_path/Frameworks",
					"@executable_path/../../Frameworks",
				);
				MARKETING_VERSION = 1.0;
				PRODUCT_BUNDLE_IDENTIFIER = com.gnashermobilesoft.Adiona.watchkitapp.watchkitextension;
				PRODUCT_NAME = "${TARGET_NAME}";
				SDKROOT = watchos;
				SKIP_INSTALL = YES;
				SWIFT_EMIT_LOC_STRINGS = YES;
				SWIFT_OBJC_BRIDGING_HEADER = "Adiona WatchKit Extension/BridgingHeader.h";
				SWIFT_PRECOMPILE_BRIDGING_HEADER = NO;
				SWIFT_VERSION = 5.0;
				TARGETED_DEVICE_FAMILY = 4;
				WATCHOS_DEPLOYMENT_TARGET = 8.5;
			};
			name = Debug;
		};
		0038F01628637A8F0055B2E6 /* Release */ = {
			isa = XCBuildConfiguration;
			buildSettings = {
				ASSETCATALOG_COMPILER_COMPLICATION_NAME = Complication;
				CODE_SIGN_ENTITLEMENTS = "Adiona WatchKit Extension/Adiona WatchKit Extension.entitlements";
				CODE_SIGN_STYLE = Automatic;
				CURRENT_PROJECT_VERSION = 1;
				DEVELOPMENT_ASSET_PATHS = "\"Adiona WatchKit Extension/Preview Content\"";
				DEVELOPMENT_TEAM = 7C6PR6SGEU;
				ENABLE_PREVIEWS = YES;
				GENERATE_INFOPLIST_FILE = YES;
				INFOPLIST_FILE = "Adiona WatchKit Extension/Info.plist";
				INFOPLIST_KEY_CFBundleDisplayName = Adiona;
				INFOPLIST_KEY_CLKComplicationPrincipalClass = Adiona_WatchKit_Extension.ComplicationController;
				INFOPLIST_KEY_NSHealthShareUsageDescription = "To track all aspects of your health.";
				INFOPLIST_KEY_NSHealthUpdateUsageDescription = "To update Workouts";
				INFOPLIST_KEY_NSHumanReadableCopyright = "";
				INFOPLIST_KEY_NSLocationAlwaysAndWhenInUseUsageDescription = "To track your location and provide safety.";
				INFOPLIST_KEY_NSLocationAlwaysUsageDescription = "To track your location and provide safety.";
				INFOPLIST_KEY_NSLocationUsageDescription = "To track your location and provide safety.";
				INFOPLIST_KEY_NSLocationWhenInUseUsageDescription = "To track your location and provide safety.";
				INFOPLIST_KEY_NSMotionUsageDescription = "To  collect accleromter data";
				INFOPLIST_KEY_WKWatchOnly = YES;
				LD_RUNPATH_SEARCH_PATHS = (
					"$(inherited)",
					"@executable_path/Frameworks",
					"@executable_path/../../Frameworks",
				);
				MARKETING_VERSION = 1.0;
				PRODUCT_BUNDLE_IDENTIFIER = com.gnashermobilesoft.Adiona.watchkitapp.watchkitextension;
				PRODUCT_NAME = "${TARGET_NAME}";
				SDKROOT = watchos;
				SKIP_INSTALL = YES;
				SWIFT_EMIT_LOC_STRINGS = YES;
				SWIFT_OBJC_BRIDGING_HEADER = "Adiona WatchKit Extension/BridgingHeader.h";
				SWIFT_PRECOMPILE_BRIDGING_HEADER = NO;
				SWIFT_VERSION = 5.0;
				TARGETED_DEVICE_FAMILY = 4;
				WATCHOS_DEPLOYMENT_TARGET = 8.5;
			};
			name = Release;
		};
		0038F01928637A8F0055B2E6 /* Debug */ = {
			isa = XCBuildConfiguration;
			buildSettings = {
				ALWAYS_EMBED_SWIFT_STANDARD_LIBRARIES = YES;
				ASSETCATALOG_COMPILER_APPICON_NAME = AppIcon;
				ASSETCATALOG_COMPILER_GLOBAL_ACCENT_COLOR_NAME = AccentColor;
				CODE_SIGN_STYLE = Automatic;
				CURRENT_PROJECT_VERSION = 1;
				DEVELOPMENT_TEAM = 7C6PR6SGEU;
				GENERATE_INFOPLIST_FILE = YES;
				IBSC_MODULE = Adiona_WatchKit_Extension;
				INFOPLIST_FILE = "Adiona WatchKit Extension/Info.plist";
				INFOPLIST_KEY_CFBundleDisplayName = Adiona;
				INFOPLIST_KEY_UISupportedInterfaceOrientations = "UIInterfaceOrientationPortrait UIInterfaceOrientationPortraitUpsideDown";
				MARKETING_VERSION = 1.0;
				PRODUCT_BUNDLE_IDENTIFIER = com.gnashermobilesoft.Adiona.watchkitapp;
				PRODUCT_NAME = "$(TARGET_NAME)";
				SDKROOT = watchos;
				SKIP_INSTALL = YES;
				SWIFT_EMIT_LOC_STRINGS = YES;
				SWIFT_VERSION = 5.0;
				TARGETED_DEVICE_FAMILY = 4;
				WATCHOS_DEPLOYMENT_TARGET = 8.5;
			};
			name = Debug;
		};
		0038F01A28637A8F0055B2E6 /* Release */ = {
			isa = XCBuildConfiguration;
			buildSettings = {
				ALWAYS_EMBED_SWIFT_STANDARD_LIBRARIES = YES;
				ASSETCATALOG_COMPILER_APPICON_NAME = AppIcon;
				ASSETCATALOG_COMPILER_GLOBAL_ACCENT_COLOR_NAME = AccentColor;
				CODE_SIGN_STYLE = Automatic;
				CURRENT_PROJECT_VERSION = 1;
				DEVELOPMENT_TEAM = 7C6PR6SGEU;
				GENERATE_INFOPLIST_FILE = YES;
				IBSC_MODULE = Adiona_WatchKit_Extension;
				INFOPLIST_FILE = "Adiona WatchKit Extension/Info.plist";
				INFOPLIST_KEY_CFBundleDisplayName = Adiona;
				INFOPLIST_KEY_UISupportedInterfaceOrientations = "UIInterfaceOrientationPortrait UIInterfaceOrientationPortraitUpsideDown";
				MARKETING_VERSION = 1.0;
				PRODUCT_BUNDLE_IDENTIFIER = com.gnashermobilesoft.Adiona.watchkitapp;
				PRODUCT_NAME = "$(TARGET_NAME)";
				SDKROOT = watchos;
				SKIP_INSTALL = YES;
				SWIFT_EMIT_LOC_STRINGS = YES;
				SWIFT_VERSION = 5.0;
				TARGETED_DEVICE_FAMILY = 4;
				WATCHOS_DEPLOYMENT_TARGET = 8.5;
			};
			name = Release;
		};
		0038F01D28637A8F0055B2E6 /* Debug */ = {
			isa = XCBuildConfiguration;
			buildSettings = {
				CODE_SIGN_STYLE = Automatic;
				CURRENT_PROJECT_VERSION = 1;
				DEVELOPMENT_TEAM = 7C6PR6SGEU;
				MARKETING_VERSION = 1.0;
				PRODUCT_BUNDLE_IDENTIFIER = com.gnashermobilesoft.Adiona;
				PRODUCT_NAME = "$(TARGET_NAME)";
				SWIFT_VERSION = 5.0;
			};
			name = Debug;
		};
		0038F01E28637A8F0055B2E6 /* Release */ = {
			isa = XCBuildConfiguration;
			buildSettings = {
				CODE_SIGN_STYLE = Automatic;
				CURRENT_PROJECT_VERSION = 1;
				DEVELOPMENT_TEAM = 7C6PR6SGEU;
				MARKETING_VERSION = 1.0;
				PRODUCT_BUNDLE_IDENTIFIER = com.gnashermobilesoft.Adiona;
				PRODUCT_NAME = "$(TARGET_NAME)";
				SWIFT_VERSION = 5.0;
			};
			name = Release;
		};
		0038F02028637A8F0055B2E6 /* Debug */ = {
			isa = XCBuildConfiguration;
			buildSettings = {
				ALWAYS_EMBED_SWIFT_STANDARD_LIBRARIES = YES;
				BUNDLE_LOADER = "$(TEST_HOST)";
				CODE_SIGN_STYLE = Automatic;
				CURRENT_PROJECT_VERSION = 1;
				DEVELOPMENT_TEAM = 7C6PR6SGEU;
				GENERATE_INFOPLIST_FILE = YES;
				MARKETING_VERSION = 1.0;
				PRODUCT_BUNDLE_IDENTIFIER = com.gnashermobilesoft.AdionaTests;
				PRODUCT_NAME = "$(TARGET_NAME)";
				SDKROOT = watchos;
				SWIFT_EMIT_LOC_STRINGS = NO;
				SWIFT_VERSION = 5.0;
				TARGETED_DEVICE_FAMILY = 4;
				TEST_HOST = "$(BUILT_PRODUCTS_DIR)/Adiona WatchKit Extension.appex/Adiona WatchKit Extension";
				WATCHOS_DEPLOYMENT_TARGET = 8.5;
			};
			name = Debug;
		};
		0038F02128637A8F0055B2E6 /* Release */ = {
			isa = XCBuildConfiguration;
			buildSettings = {
				ALWAYS_EMBED_SWIFT_STANDARD_LIBRARIES = YES;
				BUNDLE_LOADER = "$(TEST_HOST)";
				CODE_SIGN_STYLE = Automatic;
				CURRENT_PROJECT_VERSION = 1;
				DEVELOPMENT_TEAM = 7C6PR6SGEU;
				GENERATE_INFOPLIST_FILE = YES;
				MARKETING_VERSION = 1.0;
				PRODUCT_BUNDLE_IDENTIFIER = com.gnashermobilesoft.AdionaTests;
				PRODUCT_NAME = "$(TARGET_NAME)";
				SDKROOT = watchos;
				SWIFT_EMIT_LOC_STRINGS = NO;
				SWIFT_VERSION = 5.0;
				TARGETED_DEVICE_FAMILY = 4;
				TEST_HOST = "$(BUILT_PRODUCTS_DIR)/Adiona WatchKit Extension.appex/Adiona WatchKit Extension";
				WATCHOS_DEPLOYMENT_TARGET = 8.5;
			};
			name = Release;
		};
/* End XCBuildConfiguration section */

/* Begin XCConfigurationList section */
		0038EFD428637A8C0055B2E6 /* Build configuration list for PBXProject "Adiona" */ = {
			isa = XCConfigurationList;
			buildConfigurations = (
				0038F01228637A8F0055B2E6 /* Debug */,
				0038F01328637A8F0055B2E6 /* Release */,
			);
			defaultConfigurationIsVisible = 0;
			defaultConfigurationName = Release;
		};
		0038F01428637A8F0055B2E6 /* Build configuration list for PBXNativeTarget "Adiona WatchKit Extension" */ = {
			isa = XCConfigurationList;
			buildConfigurations = (
				0038F01528637A8F0055B2E6 /* Debug */,
				0038F01628637A8F0055B2E6 /* Release */,
			);
			defaultConfigurationIsVisible = 0;
			defaultConfigurationName = Release;
		};
		0038F01828637A8F0055B2E6 /* Build configuration list for PBXNativeTarget "Adiona WatchKit App" */ = {
			isa = XCConfigurationList;
			buildConfigurations = (
				0038F01928637A8F0055B2E6 /* Debug */,
				0038F01A28637A8F0055B2E6 /* Release */,
			);
			defaultConfigurationIsVisible = 0;
			defaultConfigurationName = Release;
		};
		0038F01C28637A8F0055B2E6 /* Build configuration list for PBXNativeTarget "Adiona" */ = {
			isa = XCConfigurationList;
			buildConfigurations = (
				0038F01D28637A8F0055B2E6 /* Debug */,
				0038F01E28637A8F0055B2E6 /* Release */,
			);
			defaultConfigurationIsVisible = 0;
			defaultConfigurationName = Release;
		};
		0038F01F28637A8F0055B2E6 /* Build configuration list for PBXNativeTarget "AdionaTests" */ = {
			isa = XCConfigurationList;
			buildConfigurations = (
				0038F02028637A8F0055B2E6 /* Debug */,
				0038F02128637A8F0055B2E6 /* Release */,
			);
			defaultConfigurationIsVisible = 0;
			defaultConfigurationName = Release;
		};
/* End XCConfigurationList section */

/* Begin XCRemoteSwiftPackageReference section */
		0006A28728661BDB002E1306 /* XCRemoteSwiftPackageReference "soto" */ = {
			isa = XCRemoteSwiftPackageReference;
			repositoryURL = "https://github.com/soto-project/soto";
			requirement = {
				kind = upToNextMajorVersion;
				minimumVersion = 6.0.0;
			};
		};
		00C9C2462864A05B00EB6B78 /* XCRemoteSwiftPackageReference "sentry-cocoa" */ = {
			isa = XCRemoteSwiftPackageReference;
			repositoryURL = "https://github.com/getsentry/sentry-cocoa";
			requirement = {
				branch = master;
				kind = branch;
			};
		};
/* End XCRemoteSwiftPackageReference section */

/* Begin XCSwiftPackageProductDependency section */
		0006A28828661BDC002E1306 /* SotoS3 */ = {
			isa = XCSwiftPackageProductDependency;
			package = 0006A28728661BDB002E1306 /* XCRemoteSwiftPackageReference "soto" */;
			productName = SotoS3;
		};
		0006A28B28661CEA002E1306 /* SotoS3 */ = {
			isa = XCSwiftPackageProductDependency;
			package = 0006A28728661BDB002E1306 /* XCRemoteSwiftPackageReference "soto" */;
			productName = SotoS3;
		};
		00C9C2472864A05B00EB6B78 /* Sentry */ = {
			isa = XCSwiftPackageProductDependency;
			package = 00C9C2462864A05B00EB6B78 /* XCRemoteSwiftPackageReference "sentry-cocoa" */;
			productName = Sentry;
		};
		00D7E25A2865E2AC00FD518C /* Sentry */ = {
			isa = XCSwiftPackageProductDependency;
			package = 00C9C2462864A05B00EB6B78 /* XCRemoteSwiftPackageReference "sentry-cocoa" */;
			productName = Sentry;
		};
/* End XCSwiftPackageProductDependency section */
	};
	rootObject = 0038EFD128637A8C0055B2E6 /* Project object */;
}
