{
  "pins" : [
    {
      "identity" : "sentry-cocoa",
      "kind" : "remoteSourceControl",
      "location" : "https://github.com/getsentry/sentry-cocoa",
      "state" : {
        "branch" : "master",
        "revision" : "840f876bf727512fde52effb6b654365e202f5f5"
      }
    }
  ],
  "version" : 2
}
